// !$*UTF8*$!
{
	archiveVersion = 1;
	classes = {
	};
	objectVersion = 46;
	objects = {

/* Begin PBXBuildFile section */
		430BCC482015EE800077E998 /* pEp_string.h in Headers */ = {isa = PBXBuildFile; fileRef = 430BCC462015EE800077E998 /* pEp_string.h */; };
		430BCC492015EE800077E998 /* pEp_string.c in Sources */ = {isa = PBXBuildFile; fileRef = 430BCC472015EE800077E998 /* pEp_string.c */; };
		430D258B1C9ED75A00B94535 /* blacklist.c in Sources */ = {isa = PBXBuildFile; fileRef = 430D258A1C9ED75A00B94535 /* blacklist.c */; };
		43370833203C075A004E6547 /* sqlite3.c in Sources */ = {isa = PBXBuildFile; fileRef = 4337082D203C075A004E6547 /* sqlite3.c */; };
		43370834203C075A004E6547 /* sqlite3.h in Headers */ = {isa = PBXBuildFile; fileRef = 43370832203C075A004E6547 /* sqlite3.h */; };
		4354FF651D6EDF300033069C /* sync_impl.c in Sources */ = {isa = PBXBuildFile; fileRef = 4354FF641D6EDF300033069C /* sync_impl.c */; };
		4354FF691D6EE1A70033069C /* NULL.c in Sources */ = {isa = PBXBuildFile; fileRef = 4354FF681D6EE1A70033069C /* NULL.c */; };
		43BA0F461D7964750059172F /* asn1_helper.c in Sources */ = {isa = PBXBuildFile; fileRef = 43BA0F451D7964750059172F /* asn1_helper.c */; };
		43E9BC6A1DB51A1E00AD2352 /* GroupUpdate.c in Sources */ = {isa = PBXBuildFile; fileRef = 43E9BC691DB51A1E00AD2352 /* GroupUpdate.c */; };
		43E9BC7F1DB6720E00AD2352 /* UpdateRequest.c in Sources */ = {isa = PBXBuildFile; fileRef = 43E9BC7E1DB6720E00AD2352 /* UpdateRequest.c */; };
		43F6921D1F164A47009418F5 /* resource_id.c in Sources */ = {isa = PBXBuildFile; fileRef = 43F6921C1F164A47009418F5 /* resource_id.c */; };
		6400FB861B8CA1C6005221E3 /* libnetpgp.a in Frameworks */ = {isa = PBXBuildFile; fileRef = 645922521B8BD32B00A5AF93 /* libnetpgp.a */; };
		6400FB8B1B8CA1CF005221E3 /* libetpan-ios.a in Frameworks */ = {isa = PBXBuildFile; fileRef = 64289E371B8B630200FC617B /* libetpan-ios.a */; };
		644297C51BE11CE0002BC73B /* system.db in Resources */ = {isa = PBXBuildFile; fileRef = 64951A1B1BE0FCD800B10E71 /* system.db */; };
		6467888C1CEB3D120001F54C /* map_asn1.c in Sources */ = {isa = PBXBuildFile; fileRef = 646788871CEB3D120001F54C /* map_asn1.c */; };
		6467888D1CEB3D120001F54C /* map_asn1.h in Headers */ = {isa = PBXBuildFile; fileRef = 646788881CEB3D120001F54C /* map_asn1.h */; };
		646C40EA1D510CD800C63EFF /* asn_application.h in Headers */ = {isa = PBXBuildFile; fileRef = 646C40951D510CD700C63EFF /* asn_application.h */; };
		646C40EB1D510CD800C63EFF /* asn_codecs_prim.c in Sources */ = {isa = PBXBuildFile; fileRef = 646C40961D510CD700C63EFF /* asn_codecs_prim.c */; };
		646C40EC1D510CD800C63EFF /* asn_codecs_prim.h in Headers */ = {isa = PBXBuildFile; fileRef = 646C40971D510CD700C63EFF /* asn_codecs_prim.h */; };
		646C40ED1D510CD800C63EFF /* asn_codecs.h in Headers */ = {isa = PBXBuildFile; fileRef = 646C40981D510CD700C63EFF /* asn_codecs.h */; };
		646C40EE1D510CD800C63EFF /* asn_internal.h in Headers */ = {isa = PBXBuildFile; fileRef = 646C40991D510CD700C63EFF /* asn_internal.h */; };
		646C40EF1D510CD800C63EFF /* asn_SEQUENCE_OF.c in Sources */ = {isa = PBXBuildFile; fileRef = 646C409A1D510CD700C63EFF /* asn_SEQUENCE_OF.c */; };
		646C40F01D510CD800C63EFF /* asn_SEQUENCE_OF.h in Headers */ = {isa = PBXBuildFile; fileRef = 646C409B1D510CD700C63EFF /* asn_SEQUENCE_OF.h */; };
		646C40F11D510CD800C63EFF /* asn_SET_OF.c in Sources */ = {isa = PBXBuildFile; fileRef = 646C409C1D510CD700C63EFF /* asn_SET_OF.c */; };
		646C40F21D510CD800C63EFF /* asn_SET_OF.h in Headers */ = {isa = PBXBuildFile; fileRef = 646C409D1D510CD700C63EFF /* asn_SET_OF.h */; };
		646C40F31D510CD800C63EFF /* asn_system.h in Headers */ = {isa = PBXBuildFile; fileRef = 646C409E1D510CD700C63EFF /* asn_system.h */; };
		646C40F41D510CD800C63EFF /* Beacon.c in Sources */ = {isa = PBXBuildFile; fileRef = 646C409F1D510CD700C63EFF /* Beacon.c */; };
		646C40F51D510CD800C63EFF /* Beacon.h in Headers */ = {isa = PBXBuildFile; fileRef = 646C40A01D510CD700C63EFF /* Beacon.h */; };
		646C40F61D510CD800C63EFF /* ber_decoder.c in Sources */ = {isa = PBXBuildFile; fileRef = 646C40A11D510CD700C63EFF /* ber_decoder.c */; };
		646C40F71D510CD800C63EFF /* ber_decoder.h in Headers */ = {isa = PBXBuildFile; fileRef = 646C40A21D510CD700C63EFF /* ber_decoder.h */; };
		646C40F81D510CD800C63EFF /* ber_tlv_length.c in Sources */ = {isa = PBXBuildFile; fileRef = 646C40A31D510CD700C63EFF /* ber_tlv_length.c */; };
		646C40F91D510CD800C63EFF /* ber_tlv_length.h in Headers */ = {isa = PBXBuildFile; fileRef = 646C40A41D510CD700C63EFF /* ber_tlv_length.h */; };
		646C40FA1D510CD800C63EFF /* ber_tlv_tag.c in Sources */ = {isa = PBXBuildFile; fileRef = 646C40A51D510CD700C63EFF /* ber_tlv_tag.c */; };
		646C40FB1D510CD800C63EFF /* ber_tlv_tag.h in Headers */ = {isa = PBXBuildFile; fileRef = 646C40A61D510CD700C63EFF /* ber_tlv_tag.h */; };
		646C40FC1D510CD800C63EFF /* BIT_STRING.c in Sources */ = {isa = PBXBuildFile; fileRef = 646C40A71D510CD700C63EFF /* BIT_STRING.c */; };
		646C40FD1D510CD800C63EFF /* BIT_STRING.h in Headers */ = {isa = PBXBuildFile; fileRef = 646C40A81D510CD700C63EFF /* BIT_STRING.h */; };
		646C40FE1D510CD800C63EFF /* BOOLEAN.c in Sources */ = {isa = PBXBuildFile; fileRef = 646C40A91D510CD700C63EFF /* BOOLEAN.c */; };
		646C40FF1D510CD800C63EFF /* BOOLEAN.h in Headers */ = {isa = PBXBuildFile; fileRef = 646C40AA1D510CD700C63EFF /* BOOLEAN.h */; };
		646C41001D510CD800C63EFF /* constr_CHOICE.c in Sources */ = {isa = PBXBuildFile; fileRef = 646C40AB1D510CD700C63EFF /* constr_CHOICE.c */; };
		646C41011D510CD800C63EFF /* constr_CHOICE.h in Headers */ = {isa = PBXBuildFile; fileRef = 646C40AC1D510CD700C63EFF /* constr_CHOICE.h */; };
		646C41021D510CD800C63EFF /* constr_SEQUENCE_OF.c in Sources */ = {isa = PBXBuildFile; fileRef = 646C40AD1D510CD700C63EFF /* constr_SEQUENCE_OF.c */; };
		646C41031D510CD800C63EFF /* constr_SEQUENCE_OF.h in Headers */ = {isa = PBXBuildFile; fileRef = 646C40AE1D510CD700C63EFF /* constr_SEQUENCE_OF.h */; };
		646C41041D510CD800C63EFF /* constr_SEQUENCE.c in Sources */ = {isa = PBXBuildFile; fileRef = 646C40AF1D510CD700C63EFF /* constr_SEQUENCE.c */; };
		646C41051D510CD800C63EFF /* constr_SEQUENCE.h in Headers */ = {isa = PBXBuildFile; fileRef = 646C40B01D510CD700C63EFF /* constr_SEQUENCE.h */; };
		646C41061D510CD800C63EFF /* constr_SET_OF.c in Sources */ = {isa = PBXBuildFile; fileRef = 646C40B11D510CD700C63EFF /* constr_SET_OF.c */; };
		646C41071D510CD800C63EFF /* constr_SET_OF.h in Headers */ = {isa = PBXBuildFile; fileRef = 646C40B21D510CD700C63EFF /* constr_SET_OF.h */; };
		646C41081D510CD800C63EFF /* constr_TYPE.c in Sources */ = {isa = PBXBuildFile; fileRef = 646C40B31D510CD700C63EFF /* constr_TYPE.c */; };
		646C41091D510CD800C63EFF /* constr_TYPE.h in Headers */ = {isa = PBXBuildFile; fileRef = 646C40B41D510CD700C63EFF /* constr_TYPE.h */; };
		646C410A1D510CD800C63EFF /* constraints.c in Sources */ = {isa = PBXBuildFile; fileRef = 646C40B51D510CD700C63EFF /* constraints.c */; };
		646C410B1D510CD800C63EFF /* constraints.h in Headers */ = {isa = PBXBuildFile; fileRef = 646C40B61D510CD700C63EFF /* constraints.h */; };
		646C410C1D510CD800C63EFF /* der_encoder.c in Sources */ = {isa = PBXBuildFile; fileRef = 646C40B71D510CD700C63EFF /* der_encoder.c */; };
		646C410D1D510CD800C63EFF /* der_encoder.h in Headers */ = {isa = PBXBuildFile; fileRef = 646C40B81D510CD700C63EFF /* der_encoder.h */; };
		646C410E1D510CD800C63EFF /* DeviceGroup-Protocol.c in Sources */ = {isa = PBXBuildFile; fileRef = 646C40B91D510CD700C63EFF /* DeviceGroup-Protocol.c */; };
		646C410F1D510CD800C63EFF /* DeviceGroup-Protocol.h in Headers */ = {isa = PBXBuildFile; fileRef = 646C40BA1D510CD700C63EFF /* DeviceGroup-Protocol.h */; };
		646C41101D510CD800C63EFF /* GroupKeys.c in Sources */ = {isa = PBXBuildFile; fileRef = 646C40BB1D510CD700C63EFF /* GroupKeys.c */; };
		646C41111D510CD800C63EFF /* GroupKeys.h in Headers */ = {isa = PBXBuildFile; fileRef = 646C40BC1D510CD700C63EFF /* GroupKeys.h */; };
		646C41121D510CD800C63EFF /* HandshakeRequest.c in Sources */ = {isa = PBXBuildFile; fileRef = 646C40BD1D510CD700C63EFF /* HandshakeRequest.c */; };
		646C41131D510CD800C63EFF /* HandshakeRequest.h in Headers */ = {isa = PBXBuildFile; fileRef = 646C40BE1D510CD700C63EFF /* HandshakeRequest.h */; };
		646C41141D510CD800C63EFF /* Hash.c in Sources */ = {isa = PBXBuildFile; fileRef = 646C40BF1D510CD700C63EFF /* Hash.c */; };
		646C41151D510CD800C63EFF /* Hash.h in Headers */ = {isa = PBXBuildFile; fileRef = 646C40C01D510CD700C63EFF /* Hash.h */; };
		646C41181D510CD800C63EFF /* Hex.c in Sources */ = {isa = PBXBuildFile; fileRef = 646C40C31D510CD700C63EFF /* Hex.c */; };
		646C41191D510CD800C63EFF /* Hex.h in Headers */ = {isa = PBXBuildFile; fileRef = 646C40C41D510CD700C63EFF /* Hex.h */; };
		646C411A1D510CD800C63EFF /* Identity.c in Sources */ = {isa = PBXBuildFile; fileRef = 646C40C51D510CD700C63EFF /* Identity.c */; };
		646C411B1D510CD800C63EFF /* Identity.h in Headers */ = {isa = PBXBuildFile; fileRef = 646C40C61D510CD700C63EFF /* Identity.h */; };
		646C411C1D510CD800C63EFF /* IdentityList.c in Sources */ = {isa = PBXBuildFile; fileRef = 646C40C71D510CD700C63EFF /* IdentityList.c */; };
		646C411D1D510CD800C63EFF /* IdentityList.h in Headers */ = {isa = PBXBuildFile; fileRef = 646C40C81D510CD800C63EFF /* IdentityList.h */; };
		646C411E1D510CD800C63EFF /* INTEGER.c in Sources */ = {isa = PBXBuildFile; fileRef = 646C40C91D510CD800C63EFF /* INTEGER.c */; };
		646C411F1D510CD800C63EFF /* INTEGER.h in Headers */ = {isa = PBXBuildFile; fileRef = 646C40CA1D510CD800C63EFF /* INTEGER.h */; };
		646C41201D510CD800C63EFF /* ISO639-1.c in Sources */ = {isa = PBXBuildFile; fileRef = 646C40CB1D510CD800C63EFF /* ISO639-1.c */; };
		646C41211D510CD800C63EFF /* ISO639-1.h in Headers */ = {isa = PBXBuildFile; fileRef = 646C40CC1D510CD800C63EFF /* ISO639-1.h */; };
		646C41221D510CD800C63EFF /* NativeEnumerated.c in Sources */ = {isa = PBXBuildFile; fileRef = 646C40CD1D510CD800C63EFF /* NativeEnumerated.c */; };
		646C41231D510CD800C63EFF /* NativeEnumerated.h in Headers */ = {isa = PBXBuildFile; fileRef = 646C40CE1D510CD800C63EFF /* NativeEnumerated.h */; };
		646C41241D510CD800C63EFF /* NativeInteger.c in Sources */ = {isa = PBXBuildFile; fileRef = 646C40CF1D510CD800C63EFF /* NativeInteger.c */; };
		646C41251D510CD800C63EFF /* NativeInteger.h in Headers */ = {isa = PBXBuildFile; fileRef = 646C40D01D510CD800C63EFF /* NativeInteger.h */; };
		646C41261D510CD800C63EFF /* OCTET_STRING.c in Sources */ = {isa = PBXBuildFile; fileRef = 646C40D11D510CD800C63EFF /* OCTET_STRING.c */; };
		646C41271D510CD800C63EFF /* OCTET_STRING.h in Headers */ = {isa = PBXBuildFile; fileRef = 646C40D21D510CD800C63EFF /* OCTET_STRING.h */; };
		646C41281D510CD800C63EFF /* per_decoder.c in Sources */ = {isa = PBXBuildFile; fileRef = 646C40D31D510CD800C63EFF /* per_decoder.c */; };
		646C41291D510CD800C63EFF /* per_decoder.h in Headers */ = {isa = PBXBuildFile; fileRef = 646C40D41D510CD800C63EFF /* per_decoder.h */; };
		646C412A1D510CD800C63EFF /* per_encoder.c in Sources */ = {isa = PBXBuildFile; fileRef = 646C40D51D510CD800C63EFF /* per_encoder.c */; };
		646C412B1D510CD800C63EFF /* per_encoder.h in Headers */ = {isa = PBXBuildFile; fileRef = 646C40D61D510CD800C63EFF /* per_encoder.h */; };
		646C412C1D510CD800C63EFF /* per_opentype.c in Sources */ = {isa = PBXBuildFile; fileRef = 646C40D71D510CD800C63EFF /* per_opentype.c */; };
		646C412D1D510CD800C63EFF /* per_opentype.h in Headers */ = {isa = PBXBuildFile; fileRef = 646C40D81D510CD800C63EFF /* per_opentype.h */; };
		646C412E1D510CD800C63EFF /* per_support.c in Sources */ = {isa = PBXBuildFile; fileRef = 646C40D91D510CD800C63EFF /* per_support.c */; };
		646C412F1D510CD800C63EFF /* per_support.h in Headers */ = {isa = PBXBuildFile; fileRef = 646C40DA1D510CD800C63EFF /* per_support.h */; };
		646C41301D510CD800C63EFF /* PrintableString.c in Sources */ = {isa = PBXBuildFile; fileRef = 646C40DB1D510CD800C63EFF /* PrintableString.c */; };
		646C41311D510CD800C63EFF /* PrintableString.h in Headers */ = {isa = PBXBuildFile; fileRef = 646C40DC1D510CD800C63EFF /* PrintableString.h */; };
		646C41321D510CD800C63EFF /* Sync-Protocols.c in Sources */ = {isa = PBXBuildFile; fileRef = 646C40DE1D510CD800C63EFF /* Sync-Protocols.c */; };
		646C41331D510CD800C63EFF /* Sync-Protocols.h in Headers */ = {isa = PBXBuildFile; fileRef = 646C40DF1D510CD800C63EFF /* Sync-Protocols.h */; };
		646C41341D510CD800C63EFF /* UTF8String.c in Sources */ = {isa = PBXBuildFile; fileRef = 646C40E01D510CD800C63EFF /* UTF8String.c */; };
		646C41351D510CD800C63EFF /* UTF8String.h in Headers */ = {isa = PBXBuildFile; fileRef = 646C40E11D510CD800C63EFF /* UTF8String.h */; };
		646C41361D510CD800C63EFF /* Version.c in Sources */ = {isa = PBXBuildFile; fileRef = 646C40E21D510CD800C63EFF /* Version.c */; };
		646C41371D510CD800C63EFF /* Version.h in Headers */ = {isa = PBXBuildFile; fileRef = 646C40E31D510CD800C63EFF /* Version.h */; };
		646C41381D510CD800C63EFF /* xer_decoder.c in Sources */ = {isa = PBXBuildFile; fileRef = 646C40E41D510CD800C63EFF /* xer_decoder.c */; };
		646C41391D510CD800C63EFF /* xer_decoder.h in Headers */ = {isa = PBXBuildFile; fileRef = 646C40E51D510CD800C63EFF /* xer_decoder.h */; };
		646C413A1D510CD800C63EFF /* xer_encoder.c in Sources */ = {isa = PBXBuildFile; fileRef = 646C40E61D510CD800C63EFF /* xer_encoder.c */; };
		646C413B1D510CD800C63EFF /* xer_encoder.h in Headers */ = {isa = PBXBuildFile; fileRef = 646C40E71D510CD800C63EFF /* xer_encoder.h */; };
		646C413C1D510CD800C63EFF /* xer_support.c in Sources */ = {isa = PBXBuildFile; fileRef = 646C40E81D510CD800C63EFF /* xer_support.c */; };
		646C413D1D510CD800C63EFF /* xer_support.h in Headers */ = {isa = PBXBuildFile; fileRef = 646C40E91D510CD800C63EFF /* xer_support.h */; };
		646C41451D510D2C00C63EFF /* sync_actions.c in Sources */ = {isa = PBXBuildFile; fileRef = 646C413E1D510D2C00C63EFF /* sync_actions.c */; };
		646C41461D510D2C00C63EFF /* sync_driver.c in Sources */ = {isa = PBXBuildFile; fileRef = 646C413F1D510D2C00C63EFF /* sync_driver.c */; };
		646C41471D510D2C00C63EFF /* sync_fsm.c in Sources */ = {isa = PBXBuildFile; fileRef = 646C41401D510D2C00C63EFF /* sync_fsm.c */; };
		646C41481D510D2C00C63EFF /* sync_fsm.h in Headers */ = {isa = PBXBuildFile; fileRef = 646C41411D510D2C00C63EFF /* sync_fsm.h */; };
		646C41491D510D2C00C63EFF /* sync_send_actions.c in Sources */ = {isa = PBXBuildFile; fileRef = 646C41421D510D2C00C63EFF /* sync_send_actions.c */; };
		646C414A1D510D2C00C63EFF /* sync.c in Sources */ = {isa = PBXBuildFile; fileRef = 646C41431D510D2C00C63EFF /* sync.c */; };
		646C414B1D510D2C00C63EFF /* sync.h in Headers */ = {isa = PBXBuildFile; fileRef = 646C41441D510D2C00C63EFF /* sync.h */; };
		646C414E1D510D8800C63EFF /* baseprotocol.c in Sources */ = {isa = PBXBuildFile; fileRef = 646C414C1D510D8800C63EFF /* baseprotocol.c */; };
		646C414F1D510D8800C63EFF /* baseprotocol.h in Headers */ = {isa = PBXBuildFile; fileRef = 646C414D1D510D8800C63EFF /* baseprotocol.h */; };
		649DE08B1B45C19100912F72 /* libcurl.a in Frameworks */ = {isa = PBXBuildFile; fileRef = 649DE08A1B45C19100912F72 /* libcurl.a */; };
		64A826781B455D0800EECAF0 /* bloblist.c in Sources */ = {isa = PBXBuildFile; fileRef = 64A8264C1B455D0800EECAF0 /* bloblist.c */; };
		64A826791B455D0800EECAF0 /* cryptotech.c in Sources */ = {isa = PBXBuildFile; fileRef = 64A8264E1B455D0800EECAF0 /* cryptotech.c */; };
		64A8267A1B455D0800EECAF0 /* email.c in Sources */ = {isa = PBXBuildFile; fileRef = 64A826511B455D0800EECAF0 /* email.c */; };
		64A8267B1B455D0800EECAF0 /* etpan_mime.c in Sources */ = {isa = PBXBuildFile; fileRef = 64A826531B455D0800EECAF0 /* etpan_mime.c */; };
		64A8267C1B455D0800EECAF0 /* identity_list.c in Sources */ = {isa = PBXBuildFile; fileRef = 64A826551B455D0800EECAF0 /* identity_list.c */; };
		64A8267D1B455D0800EECAF0 /* keymanagement.c in Sources */ = {isa = PBXBuildFile; fileRef = 64A826571B455D0800EECAF0 /* keymanagement.c */; };
		64A8267E1B455D0800EECAF0 /* message_api.c in Sources */ = {isa = PBXBuildFile; fileRef = 64A826591B455D0800EECAF0 /* message_api.c */; };
		64A8267F1B455D0800EECAF0 /* message.c in Sources */ = {isa = PBXBuildFile; fileRef = 64A8265B1B455D0800EECAF0 /* message.c */; };
		64A826801B455D0800EECAF0 /* mime.c in Sources */ = {isa = PBXBuildFile; fileRef = 64A8265D1B455D0800EECAF0 /* mime.c */; };
		64A826811B455D0800EECAF0 /* pEpEngine.c in Sources */ = {isa = PBXBuildFile; fileRef = 64A826601B455D0800EECAF0 /* pEpEngine.c */; };
		64A826821B455D0800EECAF0 /* pgp_netpgp.c in Sources */ = {isa = PBXBuildFile; fileRef = 64A826631B455D0800EECAF0 /* pgp_netpgp.c */; };
		64A826831B455D0800EECAF0 /* platform_unix.c in Sources */ = {isa = PBXBuildFile; fileRef = 64A826651B455D0800EECAF0 /* platform_unix.c */; };
		64A826861B455D0800EECAF0 /* stringlist.c in Sources */ = {isa = PBXBuildFile; fileRef = 64A8266D1B455D0800EECAF0 /* stringlist.c */; };
		64A826871B455D0800EECAF0 /* stringpair.c in Sources */ = {isa = PBXBuildFile; fileRef = 64A8266F1B455D0800EECAF0 /* stringpair.c */; };
		64A826881B455D0800EECAF0 /* timestamp.c in Sources */ = {isa = PBXBuildFile; fileRef = 64A826711B455D0800EECAF0 /* timestamp.c */; };
		64A826891B455D0800EECAF0 /* trans_auto.c in Sources */ = {isa = PBXBuildFile; fileRef = 64A826731B455D0800EECAF0 /* trans_auto.c */; };
		64A8268A1B455D0800EECAF0 /* transport.c in Sources */ = {isa = PBXBuildFile; fileRef = 64A826751B455D0800EECAF0 /* transport.c */; };
		64A8268C1B455D9D00EECAF0 /* pEpEngine.h in Headers */ = {isa = PBXBuildFile; fileRef = 64A826611B455D0800EECAF0 /* pEpEngine.h */; };
/* End PBXBuildFile section */

/* Begin PBXContainerItemProxy section */
		64289E321B8B630200FC617B /* PBXContainerItemProxy */ = {
			isa = PBXContainerItemProxy;
			containerPortal = 64DA24121B832EBA000BEE80 /* libetpan.xcodeproj */;
			proxyType = 2;
			remoteGlobalIDString = 8DC2EF5B0486A6940098B216;
			remoteInfo = libetpan;
		};
		64289E341B8B630200FC617B /* PBXContainerItemProxy */ = {
			isa = PBXContainerItemProxy;
			containerPortal = 64DA24121B832EBA000BEE80 /* libetpan.xcodeproj */;
			proxyType = 2;
			remoteGlobalIDString = C69AB10A10546FE500F32FBD;
			remoteInfo = "static libetpan";
		};
		64289E361B8B630200FC617B /* PBXContainerItemProxy */ = {
			isa = PBXContainerItemProxy;
			containerPortal = 64DA24121B832EBA000BEE80 /* libetpan.xcodeproj */;
			proxyType = 2;
			remoteGlobalIDString = C682E2C015B315EF00BE9DA7;
			remoteInfo = "libetpan ios";
		};
		64289E3E1B8B638800FC617B /* PBXContainerItemProxy */ = {
			isa = PBXContainerItemProxy;
			containerPortal = 64DA24121B832EBA000BEE80 /* libetpan.xcodeproj */;
			proxyType = 1;
			remoteGlobalIDString = C682E21815B315EF00BE9DA7;
			remoteInfo = "libetpan ios";
		};
		645922511B8BD32B00A5AF93 /* PBXContainerItemProxy */ = {
			isa = PBXContainerItemProxy;
			containerPortal = 64DA240C1B832EA0000BEE80 /* netpgp.xcodeproj */;
			proxyType = 2;
			remoteGlobalIDString = 64AA9C201B45686800D0F542;
			remoteInfo = netpgp;
		};
		645922531B8BD53F00A5AF93 /* PBXContainerItemProxy */ = {
			isa = PBXContainerItemProxy;
			containerPortal = 64DA240C1B832EA0000BEE80 /* netpgp.xcodeproj */;
			proxyType = 1;
			remoteGlobalIDString = 64AA9C1F1B45686800D0F542;
			remoteInfo = netpgp;
		};
/* End PBXContainerItemProxy section */

/* Begin PBXCopyFilesBuildPhase section */
		64796A3D1B455AA5004B1C24 /* CopyFiles */ = {
			isa = PBXCopyFilesBuildPhase;
			buildActionMask = 2147483647;
			dstPath = "include/$(PRODUCT_NAME)";
			dstSubfolderSpec = 16;
			files = (
			);
			runOnlyForDeploymentPostprocessing = 0;
		};
/* End PBXCopyFilesBuildPhase section */

/* Begin PBXFileReference section */
		430BCC462015EE800077E998 /* pEp_string.h */ = {isa = PBXFileReference; fileEncoding = 4; lastKnownFileType = sourcecode.c.h; name = pEp_string.h; path = ../src/pEp_string.h; sourceTree = "<group>"; };
		430BCC472015EE800077E998 /* pEp_string.c */ = {isa = PBXFileReference; fileEncoding = 4; lastKnownFileType = sourcecode.c.c; name = pEp_string.c; path = ../src/pEp_string.c; sourceTree = "<group>"; };
		430D258A1C9ED75A00B94535 /* blacklist.c */ = {isa = PBXFileReference; fileEncoding = 4; lastKnownFileType = sourcecode.c.c; name = blacklist.c; path = ../src/blacklist.c; sourceTree = "<group>"; };
		4337082D203C075A004E6547 /* sqlite3.c */ = {isa = PBXFileReference; fileEncoding = 4; lastKnownFileType = sourcecode.c.c; name = sqlite3.c; path = ../src/sqlite3.c; sourceTree = "<group>"; };
		43370832203C075A004E6547 /* sqlite3.h */ = {isa = PBXFileReference; fileEncoding = 4; lastKnownFileType = sourcecode.c.h; name = sqlite3.h; path = ../src/sqlite3.h; sourceTree = "<group>"; };
		4346F86A1ECB38E700381CBE /* sync_app.h */ = {isa = PBXFileReference; lastKnownFileType = sourcecode.c.h; name = sync_app.h; path = ../src/sync_app.h; sourceTree = "<group>"; };
		4354FF641D6EDF300033069C /* sync_impl.c */ = {isa = PBXFileReference; fileEncoding = 4; lastKnownFileType = sourcecode.c.c; name = sync_impl.c; path = ../src/sync_impl.c; sourceTree = "<group>"; };
		4354FF681D6EE1A70033069C /* NULL.c */ = {isa = PBXFileReference; fileEncoding = 4; lastKnownFileType = sourcecode.c.c; name = NULL.c; path = ../asn.1/NULL.c; sourceTree = "<group>"; };
		43BA0F451D7964750059172F /* asn1_helper.c */ = {isa = PBXFileReference; fileEncoding = 4; lastKnownFileType = sourcecode.c.c; name = asn1_helper.c; path = ../src/asn1_helper.c; sourceTree = "<group>"; };
		43E9BC691DB51A1E00AD2352 /* GroupUpdate.c */ = {isa = PBXFileReference; fileEncoding = 4; lastKnownFileType = sourcecode.c.c; name = GroupUpdate.c; path = ../asn.1/GroupUpdate.c; sourceTree = "<group>"; };
		43E9BC7E1DB6720E00AD2352 /* UpdateRequest.c */ = {isa = PBXFileReference; fileEncoding = 4; lastKnownFileType = sourcecode.c.c; name = UpdateRequest.c; path = ../asn.1/UpdateRequest.c; sourceTree = "<group>"; };
		43F6921C1F164A47009418F5 /* resource_id.c */ = {isa = PBXFileReference; fileEncoding = 4; lastKnownFileType = sourcecode.c.c; name = resource_id.c; path = ../src/resource_id.c; sourceTree = "<group>"; };
		644297BF1BE11C65002BC73B /* pEpTrustWords.bundle */ = {isa = PBXFileReference; explicitFileType = wrapper.cfbundle; includeInIndex = 0; path = pEpTrustWords.bundle; sourceTree = BUILT_PRODUCTS_DIR; };
		644297C11BE11C65002BC73B /* Info.plist */ = {isa = PBXFileReference; lastKnownFileType = text.plist.xml; path = Info.plist; sourceTree = "<group>"; };
		646788871CEB3D120001F54C /* map_asn1.c */ = {isa = PBXFileReference; fileEncoding = 4; lastKnownFileType = sourcecode.c.c; name = map_asn1.c; path = ../src/map_asn1.c; sourceTree = "<group>"; };
		646788881CEB3D120001F54C /* map_asn1.h */ = {isa = PBXFileReference; fileEncoding = 4; lastKnownFileType = sourcecode.c.h; name = map_asn1.h; path = ../src/map_asn1.h; sourceTree = "<group>"; };
		646C40951D510CD700C63EFF /* asn_application.h */ = {isa = PBXFileReference; fileEncoding = 4; lastKnownFileType = sourcecode.c.h; name = asn_application.h; path = ../asn.1/asn_application.h; sourceTree = "<group>"; };
		646C40961D510CD700C63EFF /* asn_codecs_prim.c */ = {isa = PBXFileReference; fileEncoding = 4; lastKnownFileType = sourcecode.c.c; name = asn_codecs_prim.c; path = ../asn.1/asn_codecs_prim.c; sourceTree = "<group>"; };
		646C40971D510CD700C63EFF /* asn_codecs_prim.h */ = {isa = PBXFileReference; fileEncoding = 4; lastKnownFileType = sourcecode.c.h; name = asn_codecs_prim.h; path = ../asn.1/asn_codecs_prim.h; sourceTree = "<group>"; };
		646C40981D510CD700C63EFF /* asn_codecs.h */ = {isa = PBXFileReference; fileEncoding = 4; lastKnownFileType = sourcecode.c.h; name = asn_codecs.h; path = ../asn.1/asn_codecs.h; sourceTree = "<group>"; };
		646C40991D510CD700C63EFF /* asn_internal.h */ = {isa = PBXFileReference; fileEncoding = 4; lastKnownFileType = sourcecode.c.h; name = asn_internal.h; path = ../asn.1/asn_internal.h; sourceTree = "<group>"; };
		646C409A1D510CD700C63EFF /* asn_SEQUENCE_OF.c */ = {isa = PBXFileReference; fileEncoding = 4; lastKnownFileType = sourcecode.c.c; name = asn_SEQUENCE_OF.c; path = ../asn.1/asn_SEQUENCE_OF.c; sourceTree = "<group>"; };
		646C409B1D510CD700C63EFF /* asn_SEQUENCE_OF.h */ = {isa = PBXFileReference; fileEncoding = 4; lastKnownFileType = sourcecode.c.h; name = asn_SEQUENCE_OF.h; path = ../asn.1/asn_SEQUENCE_OF.h; sourceTree = "<group>"; };
		646C409C1D510CD700C63EFF /* asn_SET_OF.c */ = {isa = PBXFileReference; fileEncoding = 4; lastKnownFileType = sourcecode.c.c; name = asn_SET_OF.c; path = ../asn.1/asn_SET_OF.c; sourceTree = "<group>"; };
		646C409D1D510CD700C63EFF /* asn_SET_OF.h */ = {isa = PBXFileReference; fileEncoding = 4; lastKnownFileType = sourcecode.c.h; name = asn_SET_OF.h; path = ../asn.1/asn_SET_OF.h; sourceTree = "<group>"; };
		646C409E1D510CD700C63EFF /* asn_system.h */ = {isa = PBXFileReference; fileEncoding = 4; lastKnownFileType = sourcecode.c.h; name = asn_system.h; path = ../asn.1/asn_system.h; sourceTree = "<group>"; };
		646C409F1D510CD700C63EFF /* Beacon.c */ = {isa = PBXFileReference; fileEncoding = 4; lastKnownFileType = sourcecode.c.c; name = Beacon.c; path = ../asn.1/Beacon.c; sourceTree = "<group>"; };
		646C40A01D510CD700C63EFF /* Beacon.h */ = {isa = PBXFileReference; fileEncoding = 4; lastKnownFileType = sourcecode.c.h; name = Beacon.h; path = ../asn.1/Beacon.h; sourceTree = "<group>"; };
		646C40A11D510CD700C63EFF /* ber_decoder.c */ = {isa = PBXFileReference; fileEncoding = 4; lastKnownFileType = sourcecode.c.c; name = ber_decoder.c; path = ../asn.1/ber_decoder.c; sourceTree = "<group>"; };
		646C40A21D510CD700C63EFF /* ber_decoder.h */ = {isa = PBXFileReference; fileEncoding = 4; lastKnownFileType = sourcecode.c.h; name = ber_decoder.h; path = ../asn.1/ber_decoder.h; sourceTree = "<group>"; };
		646C40A31D510CD700C63EFF /* ber_tlv_length.c */ = {isa = PBXFileReference; fileEncoding = 4; lastKnownFileType = sourcecode.c.c; name = ber_tlv_length.c; path = ../asn.1/ber_tlv_length.c; sourceTree = "<group>"; };
		646C40A41D510CD700C63EFF /* ber_tlv_length.h */ = {isa = PBXFileReference; fileEncoding = 4; lastKnownFileType = sourcecode.c.h; name = ber_tlv_length.h; path = ../asn.1/ber_tlv_length.h; sourceTree = "<group>"; };
		646C40A51D510CD700C63EFF /* ber_tlv_tag.c */ = {isa = PBXFileReference; fileEncoding = 4; lastKnownFileType = sourcecode.c.c; name = ber_tlv_tag.c; path = ../asn.1/ber_tlv_tag.c; sourceTree = "<group>"; };
		646C40A61D510CD700C63EFF /* ber_tlv_tag.h */ = {isa = PBXFileReference; fileEncoding = 4; lastKnownFileType = sourcecode.c.h; name = ber_tlv_tag.h; path = ../asn.1/ber_tlv_tag.h; sourceTree = "<group>"; };
		646C40A71D510CD700C63EFF /* BIT_STRING.c */ = {isa = PBXFileReference; fileEncoding = 4; lastKnownFileType = sourcecode.c.c; name = BIT_STRING.c; path = ../asn.1/BIT_STRING.c; sourceTree = "<group>"; };
		646C40A81D510CD700C63EFF /* BIT_STRING.h */ = {isa = PBXFileReference; fileEncoding = 4; lastKnownFileType = sourcecode.c.h; name = BIT_STRING.h; path = ../asn.1/BIT_STRING.h; sourceTree = "<group>"; };
		646C40A91D510CD700C63EFF /* BOOLEAN.c */ = {isa = PBXFileReference; fileEncoding = 4; lastKnownFileType = sourcecode.c.c; name = BOOLEAN.c; path = ../asn.1/BOOLEAN.c; sourceTree = "<group>"; };
		646C40AA1D510CD700C63EFF /* BOOLEAN.h */ = {isa = PBXFileReference; fileEncoding = 4; lastKnownFileType = sourcecode.c.h; name = BOOLEAN.h; path = ../asn.1/BOOLEAN.h; sourceTree = "<group>"; };
		646C40AB1D510CD700C63EFF /* constr_CHOICE.c */ = {isa = PBXFileReference; fileEncoding = 4; lastKnownFileType = sourcecode.c.c; name = constr_CHOICE.c; path = ../asn.1/constr_CHOICE.c; sourceTree = "<group>"; };
		646C40AC1D510CD700C63EFF /* constr_CHOICE.h */ = {isa = PBXFileReference; fileEncoding = 4; lastKnownFileType = sourcecode.c.h; name = constr_CHOICE.h; path = ../asn.1/constr_CHOICE.h; sourceTree = "<group>"; };
		646C40AD1D510CD700C63EFF /* constr_SEQUENCE_OF.c */ = {isa = PBXFileReference; fileEncoding = 4; lastKnownFileType = sourcecode.c.c; name = constr_SEQUENCE_OF.c; path = ../asn.1/constr_SEQUENCE_OF.c; sourceTree = "<group>"; };
		646C40AE1D510CD700C63EFF /* constr_SEQUENCE_OF.h */ = {isa = PBXFileReference; fileEncoding = 4; lastKnownFileType = sourcecode.c.h; name = constr_SEQUENCE_OF.h; path = ../asn.1/constr_SEQUENCE_OF.h; sourceTree = "<group>"; };
		646C40AF1D510CD700C63EFF /* constr_SEQUENCE.c */ = {isa = PBXFileReference; fileEncoding = 4; lastKnownFileType = sourcecode.c.c; name = constr_SEQUENCE.c; path = ../asn.1/constr_SEQUENCE.c; sourceTree = "<group>"; };
		646C40B01D510CD700C63EFF /* constr_SEQUENCE.h */ = {isa = PBXFileReference; fileEncoding = 4; lastKnownFileType = sourcecode.c.h; name = constr_SEQUENCE.h; path = ../asn.1/constr_SEQUENCE.h; sourceTree = "<group>"; };
		646C40B11D510CD700C63EFF /* constr_SET_OF.c */ = {isa = PBXFileReference; fileEncoding = 4; lastKnownFileType = sourcecode.c.c; name = constr_SET_OF.c; path = ../asn.1/constr_SET_OF.c; sourceTree = "<group>"; };
		646C40B21D510CD700C63EFF /* constr_SET_OF.h */ = {isa = PBXFileReference; fileEncoding = 4; lastKnownFileType = sourcecode.c.h; name = constr_SET_OF.h; path = ../asn.1/constr_SET_OF.h; sourceTree = "<group>"; };
		646C40B31D510CD700C63EFF /* constr_TYPE.c */ = {isa = PBXFileReference; fileEncoding = 4; lastKnownFileType = sourcecode.c.c; name = constr_TYPE.c; path = ../asn.1/constr_TYPE.c; sourceTree = "<group>"; };
		646C40B41D510CD700C63EFF /* constr_TYPE.h */ = {isa = PBXFileReference; fileEncoding = 4; lastKnownFileType = sourcecode.c.h; name = constr_TYPE.h; path = ../asn.1/constr_TYPE.h; sourceTree = "<group>"; };
		646C40B51D510CD700C63EFF /* constraints.c */ = {isa = PBXFileReference; fileEncoding = 4; lastKnownFileType = sourcecode.c.c; name = constraints.c; path = ../asn.1/constraints.c; sourceTree = "<group>"; };
		646C40B61D510CD700C63EFF /* constraints.h */ = {isa = PBXFileReference; fileEncoding = 4; lastKnownFileType = sourcecode.c.h; name = constraints.h; path = ../asn.1/constraints.h; sourceTree = "<group>"; };
		646C40B71D510CD700C63EFF /* der_encoder.c */ = {isa = PBXFileReference; fileEncoding = 4; lastKnownFileType = sourcecode.c.c; name = der_encoder.c; path = ../asn.1/der_encoder.c; sourceTree = "<group>"; };
		646C40B81D510CD700C63EFF /* der_encoder.h */ = {isa = PBXFileReference; fileEncoding = 4; lastKnownFileType = sourcecode.c.h; name = der_encoder.h; path = ../asn.1/der_encoder.h; sourceTree = "<group>"; };
		646C40B91D510CD700C63EFF /* DeviceGroup-Protocol.c */ = {isa = PBXFileReference; fileEncoding = 4; lastKnownFileType = sourcecode.c.c; name = "DeviceGroup-Protocol.c"; path = "../asn.1/DeviceGroup-Protocol.c"; sourceTree = "<group>"; };
		646C40BA1D510CD700C63EFF /* DeviceGroup-Protocol.h */ = {isa = PBXFileReference; fileEncoding = 4; lastKnownFileType = sourcecode.c.h; name = "DeviceGroup-Protocol.h"; path = "../asn.1/DeviceGroup-Protocol.h"; sourceTree = "<group>"; };
		646C40BB1D510CD700C63EFF /* GroupKeys.c */ = {isa = PBXFileReference; fileEncoding = 4; lastKnownFileType = sourcecode.c.c; name = GroupKeys.c; path = ../asn.1/GroupKeys.c; sourceTree = "<group>"; };
		646C40BC1D510CD700C63EFF /* GroupKeys.h */ = {isa = PBXFileReference; fileEncoding = 4; lastKnownFileType = sourcecode.c.h; name = GroupKeys.h; path = ../asn.1/GroupKeys.h; sourceTree = "<group>"; };
		646C40BD1D510CD700C63EFF /* HandshakeRequest.c */ = {isa = PBXFileReference; fileEncoding = 4; lastKnownFileType = sourcecode.c.c; name = HandshakeRequest.c; path = ../asn.1/HandshakeRequest.c; sourceTree = "<group>"; };
		646C40BE1D510CD700C63EFF /* HandshakeRequest.h */ = {isa = PBXFileReference; fileEncoding = 4; lastKnownFileType = sourcecode.c.h; name = HandshakeRequest.h; path = ../asn.1/HandshakeRequest.h; sourceTree = "<group>"; };
		646C40BF1D510CD700C63EFF /* Hash.c */ = {isa = PBXFileReference; fileEncoding = 4; lastKnownFileType = sourcecode.c.c; name = Hash.c; path = ../asn.1/Hash.c; sourceTree = "<group>"; };
		646C40C01D510CD700C63EFF /* Hash.h */ = {isa = PBXFileReference; fileEncoding = 4; lastKnownFileType = sourcecode.c.h; name = Hash.h; path = ../asn.1/Hash.h; sourceTree = "<group>"; };
		646C40C31D510CD700C63EFF /* Hex.c */ = {isa = PBXFileReference; fileEncoding = 4; lastKnownFileType = sourcecode.c.c; name = Hex.c; path = ../asn.1/Hex.c; sourceTree = "<group>"; };
		646C40C41D510CD700C63EFF /* Hex.h */ = {isa = PBXFileReference; fileEncoding = 4; lastKnownFileType = sourcecode.c.h; name = Hex.h; path = ../asn.1/Hex.h; sourceTree = "<group>"; };
		646C40C51D510CD700C63EFF /* Identity.c */ = {isa = PBXFileReference; fileEncoding = 4; lastKnownFileType = sourcecode.c.c; name = Identity.c; path = ../asn.1/Identity.c; sourceTree = "<group>"; };
		646C40C61D510CD700C63EFF /* Identity.h */ = {isa = PBXFileReference; fileEncoding = 4; lastKnownFileType = sourcecode.c.h; name = Identity.h; path = ../asn.1/Identity.h; sourceTree = "<group>"; };
		646C40C71D510CD700C63EFF /* IdentityList.c */ = {isa = PBXFileReference; fileEncoding = 4; lastKnownFileType = sourcecode.c.c; name = IdentityList.c; path = ../asn.1/IdentityList.c; sourceTree = "<group>"; };
		646C40C81D510CD800C63EFF /* IdentityList.h */ = {isa = PBXFileReference; fileEncoding = 4; lastKnownFileType = sourcecode.c.h; name = IdentityList.h; path = ../asn.1/IdentityList.h; sourceTree = "<group>"; };
		646C40C91D510CD800C63EFF /* INTEGER.c */ = {isa = PBXFileReference; fileEncoding = 4; lastKnownFileType = sourcecode.c.c; name = INTEGER.c; path = ../asn.1/INTEGER.c; sourceTree = "<group>"; };
		646C40CA1D510CD800C63EFF /* INTEGER.h */ = {isa = PBXFileReference; fileEncoding = 4; lastKnownFileType = sourcecode.c.h; name = INTEGER.h; path = ../asn.1/INTEGER.h; sourceTree = "<group>"; };
		646C40CB1D510CD800C63EFF /* ISO639-1.c */ = {isa = PBXFileReference; fileEncoding = 4; lastKnownFileType = sourcecode.c.c; name = "ISO639-1.c"; path = "../asn.1/ISO639-1.c"; sourceTree = "<group>"; };
		646C40CC1D510CD800C63EFF /* ISO639-1.h */ = {isa = PBXFileReference; fileEncoding = 4; lastKnownFileType = sourcecode.c.h; name = "ISO639-1.h"; path = "../asn.1/ISO639-1.h"; sourceTree = "<group>"; };
		646C40CD1D510CD800C63EFF /* NativeEnumerated.c */ = {isa = PBXFileReference; fileEncoding = 4; lastKnownFileType = sourcecode.c.c; name = NativeEnumerated.c; path = ../asn.1/NativeEnumerated.c; sourceTree = "<group>"; };
		646C40CE1D510CD800C63EFF /* NativeEnumerated.h */ = {isa = PBXFileReference; fileEncoding = 4; lastKnownFileType = sourcecode.c.h; name = NativeEnumerated.h; path = ../asn.1/NativeEnumerated.h; sourceTree = "<group>"; };
		646C40CF1D510CD800C63EFF /* NativeInteger.c */ = {isa = PBXFileReference; fileEncoding = 4; lastKnownFileType = sourcecode.c.c; name = NativeInteger.c; path = ../asn.1/NativeInteger.c; sourceTree = "<group>"; };
		646C40D01D510CD800C63EFF /* NativeInteger.h */ = {isa = PBXFileReference; fileEncoding = 4; lastKnownFileType = sourcecode.c.h; name = NativeInteger.h; path = ../asn.1/NativeInteger.h; sourceTree = "<group>"; };
		646C40D11D510CD800C63EFF /* OCTET_STRING.c */ = {isa = PBXFileReference; fileEncoding = 4; lastKnownFileType = sourcecode.c.c; name = OCTET_STRING.c; path = ../asn.1/OCTET_STRING.c; sourceTree = "<group>"; };
		646C40D21D510CD800C63EFF /* OCTET_STRING.h */ = {isa = PBXFileReference; fileEncoding = 4; lastKnownFileType = sourcecode.c.h; name = OCTET_STRING.h; path = ../asn.1/OCTET_STRING.h; sourceTree = "<group>"; };
		646C40D31D510CD800C63EFF /* per_decoder.c */ = {isa = PBXFileReference; fileEncoding = 4; lastKnownFileType = sourcecode.c.c; name = per_decoder.c; path = ../asn.1/per_decoder.c; sourceTree = "<group>"; };
		646C40D41D510CD800C63EFF /* per_decoder.h */ = {isa = PBXFileReference; fileEncoding = 4; lastKnownFileType = sourcecode.c.h; name = per_decoder.h; path = ../asn.1/per_decoder.h; sourceTree = "<group>"; };
		646C40D51D510CD800C63EFF /* per_encoder.c */ = {isa = PBXFileReference; fileEncoding = 4; lastKnownFileType = sourcecode.c.c; name = per_encoder.c; path = ../asn.1/per_encoder.c; sourceTree = "<group>"; };
		646C40D61D510CD800C63EFF /* per_encoder.h */ = {isa = PBXFileReference; fileEncoding = 4; lastKnownFileType = sourcecode.c.h; name = per_encoder.h; path = ../asn.1/per_encoder.h; sourceTree = "<group>"; };
		646C40D71D510CD800C63EFF /* per_opentype.c */ = {isa = PBXFileReference; fileEncoding = 4; lastKnownFileType = sourcecode.c.c; name = per_opentype.c; path = ../asn.1/per_opentype.c; sourceTree = "<group>"; };
		646C40D81D510CD800C63EFF /* per_opentype.h */ = {isa = PBXFileReference; fileEncoding = 4; lastKnownFileType = sourcecode.c.h; name = per_opentype.h; path = ../asn.1/per_opentype.h; sourceTree = "<group>"; };
		646C40D91D510CD800C63EFF /* per_support.c */ = {isa = PBXFileReference; fileEncoding = 4; lastKnownFileType = sourcecode.c.c; name = per_support.c; path = ../asn.1/per_support.c; sourceTree = "<group>"; };
		646C40DA1D510CD800C63EFF /* per_support.h */ = {isa = PBXFileReference; fileEncoding = 4; lastKnownFileType = sourcecode.c.h; name = per_support.h; path = ../asn.1/per_support.h; sourceTree = "<group>"; };
		646C40DB1D510CD800C63EFF /* PrintableString.c */ = {isa = PBXFileReference; fileEncoding = 4; lastKnownFileType = sourcecode.c.c; name = PrintableString.c; path = ../asn.1/PrintableString.c; sourceTree = "<group>"; };
		646C40DC1D510CD800C63EFF /* PrintableString.h */ = {isa = PBXFileReference; fileEncoding = 4; lastKnownFileType = sourcecode.c.h; name = PrintableString.h; path = ../asn.1/PrintableString.h; sourceTree = "<group>"; };
		646C40DD1D510CD800C63EFF /* protocols.asn1 */ = {isa = PBXFileReference; fileEncoding = 4; lastKnownFileType = text; name = protocols.asn1; path = ../asn.1/protocols.asn1; sourceTree = "<group>"; };
		646C40DE1D510CD800C63EFF /* Sync-Protocols.c */ = {isa = PBXFileReference; fileEncoding = 4; lastKnownFileType = sourcecode.c.c; name = "Sync-Protocols.c"; path = "../asn.1/Sync-Protocols.c"; sourceTree = "<group>"; };
		646C40DF1D510CD800C63EFF /* Sync-Protocols.h */ = {isa = PBXFileReference; fileEncoding = 4; lastKnownFileType = sourcecode.c.h; name = "Sync-Protocols.h"; path = "../asn.1/Sync-Protocols.h"; sourceTree = "<group>"; };
		646C40E01D510CD800C63EFF /* UTF8String.c */ = {isa = PBXFileReference; fileEncoding = 4; lastKnownFileType = sourcecode.c.c; name = UTF8String.c; path = ../asn.1/UTF8String.c; sourceTree = "<group>"; };
		646C40E11D510CD800C63EFF /* UTF8String.h */ = {isa = PBXFileReference; fileEncoding = 4; lastKnownFileType = sourcecode.c.h; name = UTF8String.h; path = ../asn.1/UTF8String.h; sourceTree = "<group>"; };
		646C40E21D510CD800C63EFF /* Version.c */ = {isa = PBXFileReference; fileEncoding = 4; lastKnownFileType = sourcecode.c.c; name = Version.c; path = ../asn.1/Version.c; sourceTree = "<group>"; };
		646C40E31D510CD800C63EFF /* Version.h */ = {isa = PBXFileReference; fileEncoding = 4; lastKnownFileType = sourcecode.c.h; name = Version.h; path = ../asn.1/Version.h; sourceTree = "<group>"; };
		646C40E41D510CD800C63EFF /* xer_decoder.c */ = {isa = PBXFileReference; fileEncoding = 4; lastKnownFileType = sourcecode.c.c; name = xer_decoder.c; path = ../asn.1/xer_decoder.c; sourceTree = "<group>"; };
		646C40E51D510CD800C63EFF /* xer_decoder.h */ = {isa = PBXFileReference; fileEncoding = 4; lastKnownFileType = sourcecode.c.h; name = xer_decoder.h; path = ../asn.1/xer_decoder.h; sourceTree = "<group>"; };
		646C40E61D510CD800C63EFF /* xer_encoder.c */ = {isa = PBXFileReference; fileEncoding = 4; lastKnownFileType = sourcecode.c.c; name = xer_encoder.c; path = ../asn.1/xer_encoder.c; sourceTree = "<group>"; };
		646C40E71D510CD800C63EFF /* xer_encoder.h */ = {isa = PBXFileReference; fileEncoding = 4; lastKnownFileType = sourcecode.c.h; name = xer_encoder.h; path = ../asn.1/xer_encoder.h; sourceTree = "<group>"; };
		646C40E81D510CD800C63EFF /* xer_support.c */ = {isa = PBXFileReference; fileEncoding = 4; lastKnownFileType = sourcecode.c.c; name = xer_support.c; path = ../asn.1/xer_support.c; sourceTree = "<group>"; };
		646C40E91D510CD800C63EFF /* xer_support.h */ = {isa = PBXFileReference; fileEncoding = 4; lastKnownFileType = sourcecode.c.h; name = xer_support.h; path = ../asn.1/xer_support.h; sourceTree = "<group>"; };
		646C413E1D510D2C00C63EFF /* sync_actions.c */ = {isa = PBXFileReference; fileEncoding = 4; lastKnownFileType = sourcecode.c.c; name = sync_actions.c; path = ../src/sync_actions.c; sourceTree = "<group>"; };
		646C413F1D510D2C00C63EFF /* sync_driver.c */ = {isa = PBXFileReference; fileEncoding = 4; lastKnownFileType = sourcecode.c.c; name = sync_driver.c; path = ../src/sync_driver.c; sourceTree = "<group>"; };
		646C41401D510D2C00C63EFF /* sync_fsm.c */ = {isa = PBXFileReference; fileEncoding = 4; lastKnownFileType = sourcecode.c.c; name = sync_fsm.c; path = ../src/sync_fsm.c; sourceTree = "<group>"; };
		646C41411D510D2C00C63EFF /* sync_fsm.h */ = {isa = PBXFileReference; fileEncoding = 4; lastKnownFileType = sourcecode.c.h; name = sync_fsm.h; path = ../src/sync_fsm.h; sourceTree = "<group>"; };
		646C41421D510D2C00C63EFF /* sync_send_actions.c */ = {isa = PBXFileReference; fileEncoding = 4; lastKnownFileType = sourcecode.c.c; name = sync_send_actions.c; path = ../src/sync_send_actions.c; sourceTree = "<group>"; };
		646C41431D510D2C00C63EFF /* sync.c */ = {isa = PBXFileReference; fileEncoding = 4; lastKnownFileType = sourcecode.c.c; name = sync.c; path = ../src/sync.c; sourceTree = "<group>"; };
		646C41441D510D2C00C63EFF /* sync.h */ = {isa = PBXFileReference; fileEncoding = 4; lastKnownFileType = sourcecode.c.h; name = sync.h; path = ../src/sync.h; sourceTree = "<group>"; };
		646C414C1D510D8800C63EFF /* baseprotocol.c */ = {isa = PBXFileReference; fileEncoding = 4; lastKnownFileType = sourcecode.c.c; name = baseprotocol.c; path = ../src/baseprotocol.c; sourceTree = "<group>"; };
		646C414D1D510D8800C63EFF /* baseprotocol.h */ = {isa = PBXFileReference; fileEncoding = 4; lastKnownFileType = sourcecode.c.h; name = baseprotocol.h; path = ../src/baseprotocol.h; sourceTree = "<group>"; };
		64796A3F1B455AA5004B1C24 /* libpEpEngine.a */ = {isa = PBXFileReference; explicitFileType = archive.ar; includeInIndex = 0; path = libpEpEngine.a; sourceTree = BUILT_PRODUCTS_DIR; };
		64951A1B1BE0FCD800B10E71 /* system.db */ = {isa = PBXFileReference; lastKnownFileType = text; name = system.db; path = ../db/system.db; sourceTree = "<group>"; };
		649DE08A1B45C19100912F72 /* libcurl.a */ = {isa = PBXFileReference; lastKnownFileType = archive.ar; path = libcurl.a; sourceTree = "<group>"; };
		64A8264C1B455D0800EECAF0 /* bloblist.c */ = {isa = PBXFileReference; fileEncoding = 4; lastKnownFileType = sourcecode.c.c; name = bloblist.c; path = ../src/bloblist.c; sourceTree = "<group>"; };
		64A8264D1B455D0800EECAF0 /* bloblist.h */ = {isa = PBXFileReference; fileEncoding = 4; lastKnownFileType = sourcecode.c.h; name = bloblist.h; path = ../src/bloblist.h; sourceTree = "<group>"; };
		64A8264E1B455D0800EECAF0 /* cryptotech.c */ = {isa = PBXFileReference; fileEncoding = 4; lastKnownFileType = sourcecode.c.c; name = cryptotech.c; path = ../src/cryptotech.c; sourceTree = "<group>"; };
		64A8264F1B455D0800EECAF0 /* cryptotech.h */ = {isa = PBXFileReference; fileEncoding = 4; lastKnownFileType = sourcecode.c.h; name = cryptotech.h; path = ../src/cryptotech.h; sourceTree = "<group>"; };
		64A826501B455D0800EECAF0 /* dynamic_api.h */ = {isa = PBXFileReference; fileEncoding = 4; lastKnownFileType = sourcecode.c.h; name = dynamic_api.h; path = ../src/dynamic_api.h; sourceTree = "<group>"; };
		64A826511B455D0800EECAF0 /* email.c */ = {isa = PBXFileReference; fileEncoding = 4; lastKnownFileType = sourcecode.c.c; name = email.c; path = ../src/email.c; sourceTree = "<group>"; };
		64A826521B455D0800EECAF0 /* email.h */ = {isa = PBXFileReference; fileEncoding = 4; lastKnownFileType = sourcecode.c.h; name = email.h; path = ../src/email.h; sourceTree = "<group>"; };
		64A826531B455D0800EECAF0 /* etpan_mime.c */ = {isa = PBXFileReference; fileEncoding = 4; lastKnownFileType = sourcecode.c.c; name = etpan_mime.c; path = ../src/etpan_mime.c; sourceTree = "<group>"; };
		64A826541B455D0800EECAF0 /* etpan_mime.h */ = {isa = PBXFileReference; fileEncoding = 4; lastKnownFileType = sourcecode.c.h; name = etpan_mime.h; path = ../src/etpan_mime.h; sourceTree = "<group>"; };
		64A826551B455D0800EECAF0 /* identity_list.c */ = {isa = PBXFileReference; fileEncoding = 4; lastKnownFileType = sourcecode.c.c; name = identity_list.c; path = ../src/identity_list.c; sourceTree = "<group>"; };
		64A826561B455D0800EECAF0 /* identity_list.h */ = {isa = PBXFileReference; fileEncoding = 4; lastKnownFileType = sourcecode.c.h; name = identity_list.h; path = ../src/identity_list.h; sourceTree = "<group>"; };
		64A826571B455D0800EECAF0 /* keymanagement.c */ = {isa = PBXFileReference; fileEncoding = 4; lastKnownFileType = sourcecode.c.c; name = keymanagement.c; path = ../src/keymanagement.c; sourceTree = "<group>"; };
		64A826581B455D0800EECAF0 /* keymanagement.h */ = {isa = PBXFileReference; fileEncoding = 4; lastKnownFileType = sourcecode.c.h; name = keymanagement.h; path = ../src/keymanagement.h; sourceTree = "<group>"; };
		64A826591B455D0800EECAF0 /* message_api.c */ = {isa = PBXFileReference; fileEncoding = 4; lastKnownFileType = sourcecode.c.c; name = message_api.c; path = ../src/message_api.c; sourceTree = "<group>"; };
		64A8265A1B455D0800EECAF0 /* message_api.h */ = {isa = PBXFileReference; fileEncoding = 4; lastKnownFileType = sourcecode.c.h; name = message_api.h; path = ../src/message_api.h; sourceTree = "<group>"; };
		64A8265B1B455D0800EECAF0 /* message.c */ = {isa = PBXFileReference; fileEncoding = 4; lastKnownFileType = sourcecode.c.c; name = message.c; path = ../src/message.c; sourceTree = "<group>"; };
		64A8265C1B455D0800EECAF0 /* message.h */ = {isa = PBXFileReference; fileEncoding = 4; lastKnownFileType = sourcecode.c.h; name = message.h; path = ../src/message.h; sourceTree = "<group>"; };
		64A8265D1B455D0800EECAF0 /* mime.c */ = {isa = PBXFileReference; fileEncoding = 4; lastKnownFileType = sourcecode.c.c; name = mime.c; path = ../src/mime.c; sourceTree = "<group>"; };
		64A8265E1B455D0800EECAF0 /* mime.h */ = {isa = PBXFileReference; fileEncoding = 4; lastKnownFileType = sourcecode.c.h; name = mime.h; path = ../src/mime.h; sourceTree = "<group>"; };
		64A8265F1B455D0800EECAF0 /* pEp_internal.h */ = {isa = PBXFileReference; fileEncoding = 4; lastKnownFileType = sourcecode.c.h; name = pEp_internal.h; path = ../src/pEp_internal.h; sourceTree = "<group>"; };
		64A826601B455D0800EECAF0 /* pEpEngine.c */ = {isa = PBXFileReference; fileEncoding = 4; lastKnownFileType = sourcecode.c.c; name = pEpEngine.c; path = ../src/pEpEngine.c; sourceTree = "<group>"; };
		64A826611B455D0800EECAF0 /* pEpEngine.h */ = {isa = PBXFileReference; fileEncoding = 4; lastKnownFileType = sourcecode.c.h; name = pEpEngine.h; path = ../src/pEpEngine.h; sourceTree = "<group>"; };
		64A826621B455D0800EECAF0 /* pgp_netpgp_internal.h */ = {isa = PBXFileReference; fileEncoding = 4; lastKnownFileType = sourcecode.c.h; name = pgp_netpgp_internal.h; path = ../src/pgp_netpgp_internal.h; sourceTree = "<group>"; };
		64A826631B455D0800EECAF0 /* pgp_netpgp.c */ = {isa = PBXFileReference; fileEncoding = 4; lastKnownFileType = sourcecode.c.c; name = pgp_netpgp.c; path = ../src/pgp_netpgp.c; sourceTree = "<group>"; };
		64A826641B455D0800EECAF0 /* pgp_netpgp.h */ = {isa = PBXFileReference; fileEncoding = 4; lastKnownFileType = sourcecode.c.h; name = pgp_netpgp.h; path = ../src/pgp_netpgp.h; sourceTree = "<group>"; };
		64A826651B455D0800EECAF0 /* platform_unix.c */ = {isa = PBXFileReference; fileEncoding = 4; lastKnownFileType = sourcecode.c.c; name = platform_unix.c; path = ../src/platform_unix.c; sourceTree = "<group>"; };
		64A826661B455D0800EECAF0 /* platform_unix.h */ = {isa = PBXFileReference; fileEncoding = 4; lastKnownFileType = sourcecode.c.h; name = platform_unix.h; path = ../src/platform_unix.h; sourceTree = "<group>"; };
		64A826691B455D0800EECAF0 /* platform.h */ = {isa = PBXFileReference; fileEncoding = 4; lastKnownFileType = sourcecode.c.h; name = platform.h; path = ../src/platform.h; sourceTree = "<group>"; };
		64A8266A1B455D0800EECAF0 /* resource.h */ = {isa = PBXFileReference; fileEncoding = 4; lastKnownFileType = sourcecode.c.h; name = resource.h; path = ../src/resource.h; sourceTree = "<group>"; };
		64A8266D1B455D0800EECAF0 /* stringlist.c */ = {isa = PBXFileReference; fileEncoding = 4; lastKnownFileType = sourcecode.c.c; name = stringlist.c; path = ../src/stringlist.c; sourceTree = "<group>"; };
		64A8266E1B455D0800EECAF0 /* stringlist.h */ = {isa = PBXFileReference; fileEncoding = 4; lastKnownFileType = sourcecode.c.h; name = stringlist.h; path = ../src/stringlist.h; sourceTree = "<group>"; };
		64A8266F1B455D0800EECAF0 /* stringpair.c */ = {isa = PBXFileReference; fileEncoding = 4; lastKnownFileType = sourcecode.c.c; name = stringpair.c; path = ../src/stringpair.c; sourceTree = "<group>"; };
		64A826701B455D0800EECAF0 /* stringpair.h */ = {isa = PBXFileReference; fileEncoding = 4; lastKnownFileType = sourcecode.c.h; name = stringpair.h; path = ../src/stringpair.h; sourceTree = "<group>"; };
		64A826711B455D0800EECAF0 /* timestamp.c */ = {isa = PBXFileReference; fileEncoding = 4; lastKnownFileType = sourcecode.c.c; name = timestamp.c; path = ../src/timestamp.c; sourceTree = "<group>"; };
		64A826721B455D0800EECAF0 /* timestamp.h */ = {isa = PBXFileReference; fileEncoding = 4; lastKnownFileType = sourcecode.c.h; name = timestamp.h; path = ../src/timestamp.h; sourceTree = "<group>"; };
		64A826731B455D0800EECAF0 /* trans_auto.c */ = {isa = PBXFileReference; fileEncoding = 4; lastKnownFileType = sourcecode.c.c; name = trans_auto.c; path = ../src/trans_auto.c; sourceTree = "<group>"; };
		64A826741B455D0800EECAF0 /* trans_auto.h */ = {isa = PBXFileReference; fileEncoding = 4; lastKnownFileType = sourcecode.c.h; name = trans_auto.h; path = ../src/trans_auto.h; sourceTree = "<group>"; };
		64A826751B455D0800EECAF0 /* transport.c */ = {isa = PBXFileReference; fileEncoding = 4; lastKnownFileType = sourcecode.c.c; name = transport.c; path = ../src/transport.c; sourceTree = "<group>"; };
		64A826761B455D0800EECAF0 /* transport.h */ = {isa = PBXFileReference; fileEncoding = 4; lastKnownFileType = sourcecode.c.h; name = transport.h; path = ../src/transport.h; sourceTree = "<group>"; };
		64A826771B455D0800EECAF0 /* wrappers.h */ = {isa = PBXFileReference; fileEncoding = 4; lastKnownFileType = sourcecode.c.h; name = wrappers.h; path = ../src/wrappers.h; sourceTree = "<group>"; };
		64DA240C1B832EA0000BEE80 /* netpgp.xcodeproj */ = {isa = PBXFileReference; lastKnownFileType = "wrapper.pb-project"; name = netpgp.xcodeproj; path = "../../netpgp-et/netpgp-xcode/netpgp.xcodeproj"; sourceTree = "<group>"; };
		64DA24121B832EBA000BEE80 /* libetpan.xcodeproj */ = {isa = PBXFileReference; lastKnownFileType = "wrapper.pb-project"; name = libetpan.xcodeproj; path = "../../libetpan/build-mac/libetpan.xcodeproj"; sourceTree = "<group>"; };
/* End PBXFileReference section */

/* Begin PBXFrameworksBuildPhase section */
		644297BC1BE11C65002BC73B /* Frameworks */ = {
			isa = PBXFrameworksBuildPhase;
			buildActionMask = 2147483647;
			files = (
			);
			runOnlyForDeploymentPostprocessing = 0;
		};
		64796A3C1B455AA5004B1C24 /* Frameworks */ = {
			isa = PBXFrameworksBuildPhase;
			buildActionMask = 2147483647;
			files = (
				6400FB8B1B8CA1CF005221E3 /* libetpan-ios.a in Frameworks */,
				6400FB861B8CA1C6005221E3 /* libnetpgp.a in Frameworks */,
				649DE08B1B45C19100912F72 /* libcurl.a in Frameworks */,
			);
			runOnlyForDeploymentPostprocessing = 0;
		};
/* End PBXFrameworksBuildPhase section */

/* Begin PBXGroup section */
		6406CE811CE382F400C14D77 /* asn.1 */ = {
			isa = PBXGroup;
			children = (
				43E9BC7E1DB6720E00AD2352 /* UpdateRequest.c */,
				43E9BC691DB51A1E00AD2352 /* GroupUpdate.c */,
				4354FF681D6EE1A70033069C /* NULL.c */,
				646C40951D510CD700C63EFF /* asn_application.h */,
				646C40961D510CD700C63EFF /* asn_codecs_prim.c */,
				646C40971D510CD700C63EFF /* asn_codecs_prim.h */,
				646C40981D510CD700C63EFF /* asn_codecs.h */,
				646C40991D510CD700C63EFF /* asn_internal.h */,
				646C409A1D510CD700C63EFF /* asn_SEQUENCE_OF.c */,
				646C409B1D510CD700C63EFF /* asn_SEQUENCE_OF.h */,
				646C409C1D510CD700C63EFF /* asn_SET_OF.c */,
				646C409D1D510CD700C63EFF /* asn_SET_OF.h */,
				646C409E1D510CD700C63EFF /* asn_system.h */,
				646C409F1D510CD700C63EFF /* Beacon.c */,
				646C40A01D510CD700C63EFF /* Beacon.h */,
				646C40A11D510CD700C63EFF /* ber_decoder.c */,
				646C40A21D510CD700C63EFF /* ber_decoder.h */,
				646C40A31D510CD700C63EFF /* ber_tlv_length.c */,
				646C40A41D510CD700C63EFF /* ber_tlv_length.h */,
				646C40A51D510CD700C63EFF /* ber_tlv_tag.c */,
				646C40A61D510CD700C63EFF /* ber_tlv_tag.h */,
				646C40A71D510CD700C63EFF /* BIT_STRING.c */,
				646C40A81D510CD700C63EFF /* BIT_STRING.h */,
				646C40A91D510CD700C63EFF /* BOOLEAN.c */,
				646C40AA1D510CD700C63EFF /* BOOLEAN.h */,
				646C40AB1D510CD700C63EFF /* constr_CHOICE.c */,
				646C40AC1D510CD700C63EFF /* constr_CHOICE.h */,
				646C40AD1D510CD700C63EFF /* constr_SEQUENCE_OF.c */,
				646C40AE1D510CD700C63EFF /* constr_SEQUENCE_OF.h */,
				646C40AF1D510CD700C63EFF /* constr_SEQUENCE.c */,
				646C40B01D510CD700C63EFF /* constr_SEQUENCE.h */,
				646C40B11D510CD700C63EFF /* constr_SET_OF.c */,
				646C40B21D510CD700C63EFF /* constr_SET_OF.h */,
				646C40B31D510CD700C63EFF /* constr_TYPE.c */,
				646C40B41D510CD700C63EFF /* constr_TYPE.h */,
				646C40B51D510CD700C63EFF /* constraints.c */,
				646C40B61D510CD700C63EFF /* constraints.h */,
				646C40B71D510CD700C63EFF /* der_encoder.c */,
				646C40B81D510CD700C63EFF /* der_encoder.h */,
				646C40B91D510CD700C63EFF /* DeviceGroup-Protocol.c */,
				646C40BA1D510CD700C63EFF /* DeviceGroup-Protocol.h */,
				646C40BB1D510CD700C63EFF /* GroupKeys.c */,
				646C40BC1D510CD700C63EFF /* GroupKeys.h */,
				646C40BD1D510CD700C63EFF /* HandshakeRequest.c */,
				646C40BE1D510CD700C63EFF /* HandshakeRequest.h */,
				646C40BF1D510CD700C63EFF /* Hash.c */,
				646C40C01D510CD700C63EFF /* Hash.h */,
				646C40C31D510CD700C63EFF /* Hex.c */,
				646C40C41D510CD700C63EFF /* Hex.h */,
				646C40C51D510CD700C63EFF /* Identity.c */,
				646C40C61D510CD700C63EFF /* Identity.h */,
				646C40C71D510CD700C63EFF /* IdentityList.c */,
				646C40C81D510CD800C63EFF /* IdentityList.h */,
				646C40C91D510CD800C63EFF /* INTEGER.c */,
				646C40CA1D510CD800C63EFF /* INTEGER.h */,
				646C40CB1D510CD800C63EFF /* ISO639-1.c */,
				646C40CC1D510CD800C63EFF /* ISO639-1.h */,
				646C40CD1D510CD800C63EFF /* NativeEnumerated.c */,
				646C40CE1D510CD800C63EFF /* NativeEnumerated.h */,
				646C40CF1D510CD800C63EFF /* NativeInteger.c */,
				646C40D01D510CD800C63EFF /* NativeInteger.h */,
				646C40D11D510CD800C63EFF /* OCTET_STRING.c */,
				646C40D21D510CD800C63EFF /* OCTET_STRING.h */,
				646C40D31D510CD800C63EFF /* per_decoder.c */,
				646C40D41D510CD800C63EFF /* per_decoder.h */,
				646C40D51D510CD800C63EFF /* per_encoder.c */,
				646C40D61D510CD800C63EFF /* per_encoder.h */,
				646C40D71D510CD800C63EFF /* per_opentype.c */,
				646C40D81D510CD800C63EFF /* per_opentype.h */,
				646C40D91D510CD800C63EFF /* per_support.c */,
				646C40DA1D510CD800C63EFF /* per_support.h */,
				646C40DB1D510CD800C63EFF /* PrintableString.c */,
				646C40DC1D510CD800C63EFF /* PrintableString.h */,
				646C40DD1D510CD800C63EFF /* protocols.asn1 */,
				646C40DE1D510CD800C63EFF /* Sync-Protocols.c */,
				646C40DF1D510CD800C63EFF /* Sync-Protocols.h */,
				646C40E01D510CD800C63EFF /* UTF8String.c */,
				646C40E11D510CD800C63EFF /* UTF8String.h */,
				646C40E21D510CD800C63EFF /* Version.c */,
				646C40E31D510CD800C63EFF /* Version.h */,
				646C40E41D510CD800C63EFF /* xer_decoder.c */,
				646C40E51D510CD800C63EFF /* xer_decoder.h */,
				646C40E61D510CD800C63EFF /* xer_encoder.c */,
				646C40E71D510CD800C63EFF /* xer_encoder.h */,
				646C40E81D510CD800C63EFF /* xer_support.c */,
				646C40E91D510CD800C63EFF /* xer_support.h */,
			);
			name = asn.1;
			sourceTree = "<group>";
		};
		64289E2B1B8B630200FC617B /* Products */ = {
			isa = PBXGroup;
			children = (
				64289E331B8B630200FC617B /* libetpan.framework */,
				64289E351B8B630200FC617B /* libetpan.a */,
				64289E371B8B630200FC617B /* libetpan-ios.a */,
			);
			name = Products;
			sourceTree = "<group>";
		};
		644297C01BE11C65002BC73B /* pEpTrustWords */ = {
			isa = PBXGroup;
			children = (
				644297C11BE11C65002BC73B /* Info.plist */,
			);
			path = pEpTrustWords;
			sourceTree = "<group>";
		};
		6459224E1B8BD32B00A5AF93 /* Products */ = {
			isa = PBXGroup;
			children = (
				645922521B8BD32B00A5AF93 /* libnetpgp.a */,
			);
			name = Products;
			sourceTree = "<group>";
		};
		64796A361B455AA5004B1C24 = {
			isa = PBXGroup;
			children = (
				64951A1B1BE0FCD800B10E71 /* system.db */,
				64DA24121B832EBA000BEE80 /* libetpan.xcodeproj */,
				64DA240C1B832EA0000BEE80 /* netpgp.xcodeproj */,
				649DE08A1B45C19100912F72 /* libcurl.a */,
				6406CE811CE382F400C14D77 /* asn.1 */,
				64A8264B1B455C5600EECAF0 /* srcref */,
				644297C01BE11C65002BC73B /* pEpTrustWords */,
				64796A401B455AA5004B1C24 /* Products */,
			);
			sourceTree = "<group>";
		};
		64796A401B455AA5004B1C24 /* Products */ = {
			isa = PBXGroup;
			children = (
				64796A3F1B455AA5004B1C24 /* libpEpEngine.a */,
				644297BF1BE11C65002BC73B /* pEpTrustWords.bundle */,
			);
			name = Products;
			sourceTree = "<group>";
		};
		64A8264B1B455C5600EECAF0 /* srcref */ = {
			isa = PBXGroup;
			children = (
				4337082D203C075A004E6547 /* sqlite3.c */,
				43370832203C075A004E6547 /* sqlite3.h */,
				430BCC472015EE800077E998 /* pEp_string.c */,
				430BCC462015EE800077E998 /* pEp_string.h */,
				43F6921C1F164A47009418F5 /* resource_id.c */,
				43BA0F451D7964750059172F /* asn1_helper.c */,
				4354FF641D6EDF300033069C /* sync_impl.c */,
				646C414C1D510D8800C63EFF /* baseprotocol.c */,
				646C414D1D510D8800C63EFF /* baseprotocol.h */,
				646C413E1D510D2C00C63EFF /* sync_actions.c */,
				646C413F1D510D2C00C63EFF /* sync_driver.c */,
				646C41401D510D2C00C63EFF /* sync_fsm.c */,
				646C41411D510D2C00C63EFF /* sync_fsm.h */,
				646C41421D510D2C00C63EFF /* sync_send_actions.c */,
				646C41431D510D2C00C63EFF /* sync.c */,
				646C41441D510D2C00C63EFF /* sync.h */,
				4346F86A1ECB38E700381CBE /* sync_app.h */,
				646788871CEB3D120001F54C /* map_asn1.c */,
				646788881CEB3D120001F54C /* map_asn1.h */,
				430D258A1C9ED75A00B94535 /* blacklist.c */,
				64A8264C1B455D0800EECAF0 /* bloblist.c */,
				64A8264D1B455D0800EECAF0 /* bloblist.h */,
				64A8264E1B455D0800EECAF0 /* cryptotech.c */,
				64A8264F1B455D0800EECAF0 /* cryptotech.h */,
				64A826501B455D0800EECAF0 /* dynamic_api.h */,
				64A826511B455D0800EECAF0 /* email.c */,
				64A826521B455D0800EECAF0 /* email.h */,
				64A826531B455D0800EECAF0 /* etpan_mime.c */,
				64A826541B455D0800EECAF0 /* etpan_mime.h */,
				64A826551B455D0800EECAF0 /* identity_list.c */,
				64A826561B455D0800EECAF0 /* identity_list.h */,
				64A826571B455D0800EECAF0 /* keymanagement.c */,
				64A826581B455D0800EECAF0 /* keymanagement.h */,
				64A826591B455D0800EECAF0 /* message_api.c */,
				64A8265A1B455D0800EECAF0 /* message_api.h */,
				64A8265B1B455D0800EECAF0 /* message.c */,
				64A8265C1B455D0800EECAF0 /* message.h */,
				64A8265D1B455D0800EECAF0 /* mime.c */,
				64A8265E1B455D0800EECAF0 /* mime.h */,
				64A8265F1B455D0800EECAF0 /* pEp_internal.h */,
				64A826601B455D0800EECAF0 /* pEpEngine.c */,
				64A826611B455D0800EECAF0 /* pEpEngine.h */,
				64A826621B455D0800EECAF0 /* pgp_netpgp_internal.h */,
				64A826631B455D0800EECAF0 /* pgp_netpgp.c */,
				64A826641B455D0800EECAF0 /* pgp_netpgp.h */,
				64A826651B455D0800EECAF0 /* platform_unix.c */,
				64A826661B455D0800EECAF0 /* platform_unix.h */,
				64A826691B455D0800EECAF0 /* platform.h */,
				64A8266A1B455D0800EECAF0 /* resource.h */,
				64A8266D1B455D0800EECAF0 /* stringlist.c */,
				64A8266E1B455D0800EECAF0 /* stringlist.h */,
				64A8266F1B455D0800EECAF0 /* stringpair.c */,
				64A826701B455D0800EECAF0 /* stringpair.h */,
				64A826711B455D0800EECAF0 /* timestamp.c */,
				64A826721B455D0800EECAF0 /* timestamp.h */,
				64A826731B455D0800EECAF0 /* trans_auto.c */,
				64A826741B455D0800EECAF0 /* trans_auto.h */,
				64A826751B455D0800EECAF0 /* transport.c */,
				64A826761B455D0800EECAF0 /* transport.h */,
				64A826771B455D0800EECAF0 /* wrappers.h */,
			);
			name = srcref;
			sourceTree = "<group>";
		};
/* End PBXGroup section */

/* Begin PBXHeadersBuildPhase section */
		64A8268B1B455D8D00EECAF0 /* Headers */ = {
			isa = PBXHeadersBuildPhase;
			buildActionMask = 2147483647;
			files = (
				646C41031D510CD800C63EFF /* constr_SEQUENCE_OF.h in Headers */,
				646C40ED1D510CD800C63EFF /* asn_codecs.h in Headers */,
				646C41371D510CD800C63EFF /* Version.h in Headers */,
				646C412F1D510CD800C63EFF /* per_support.h in Headers */,
				646C41111D510CD800C63EFF /* GroupKeys.h in Headers */,
				646C40F21D510CD800C63EFF /* asn_SET_OF.h in Headers */,
				646C41311D510CD800C63EFF /* PrintableString.h in Headers */,
				646C40F51D510CD800C63EFF /* Beacon.h in Headers */,
				646C40F71D510CD800C63EFF /* ber_decoder.h in Headers */,
				646C41351D510CD800C63EFF /* UTF8String.h in Headers */,
				646C40EC1D510CD800C63EFF /* asn_codecs_prim.h in Headers */,
				646C40EE1D510CD800C63EFF /* asn_internal.h in Headers */,
				646C413B1D510CD800C63EFF /* xer_encoder.h in Headers */,
				646C40F01D510CD800C63EFF /* asn_SEQUENCE_OF.h in Headers */,
				646C40FD1D510CD800C63EFF /* BIT_STRING.h in Headers */,
				646C411F1D510CD800C63EFF /* INTEGER.h in Headers */,
				646C411D1D510CD800C63EFF /* IdentityList.h in Headers */,
				646C41331D510CD800C63EFF /* Sync-Protocols.h in Headers */,
				646C41011D510CD800C63EFF /* constr_CHOICE.h in Headers */,
				646C40FB1D510CD800C63EFF /* ber_tlv_tag.h in Headers */,
				646C414F1D510D8800C63EFF /* baseprotocol.h in Headers */,
				6467888D1CEB3D120001F54C /* map_asn1.h in Headers */,
				646C41131D510CD800C63EFF /* HandshakeRequest.h in Headers */,
				646C40F31D510CD800C63EFF /* asn_system.h in Headers */,
				43370834203C075A004E6547 /* sqlite3.h in Headers */,
				646C410B1D510CD800C63EFF /* constraints.h in Headers */,
				646C41251D510CD800C63EFF /* NativeInteger.h in Headers */,
				646C41271D510CD800C63EFF /* OCTET_STRING.h in Headers */,
				646C41391D510CD800C63EFF /* xer_decoder.h in Headers */,
				646C40EA1D510CD800C63EFF /* asn_application.h in Headers */,
				646C41211D510CD800C63EFF /* ISO639-1.h in Headers */,
				646C412D1D510CD800C63EFF /* per_opentype.h in Headers */,
				646C413D1D510CD800C63EFF /* xer_support.h in Headers */,
				646C41191D510CD800C63EFF /* Hex.h in Headers */,
				646C41051D510CD800C63EFF /* constr_SEQUENCE.h in Headers */,
				646C41151D510CD800C63EFF /* Hash.h in Headers */,
				646C410F1D510CD800C63EFF /* DeviceGroup-Protocol.h in Headers */,
				646C40FF1D510CD800C63EFF /* BOOLEAN.h in Headers */,
				646C41481D510D2C00C63EFF /* sync_fsm.h in Headers */,
				64A8268C1B455D9D00EECAF0 /* pEpEngine.h in Headers */,
				646C41091D510CD800C63EFF /* constr_TYPE.h in Headers */,
				430BCC482015EE800077E998 /* pEp_string.h in Headers */,
				646C410D1D510CD800C63EFF /* der_encoder.h in Headers */,
				646C41231D510CD800C63EFF /* NativeEnumerated.h in Headers */,
				646C41071D510CD800C63EFF /* constr_SET_OF.h in Headers */,
				646C414B1D510D2C00C63EFF /* sync.h in Headers */,
				646C411B1D510CD800C63EFF /* Identity.h in Headers */,
				646C412B1D510CD800C63EFF /* per_encoder.h in Headers */,
				646C40F91D510CD800C63EFF /* ber_tlv_length.h in Headers */,
				646C41291D510CD800C63EFF /* per_decoder.h in Headers */,
			);
			runOnlyForDeploymentPostprocessing = 0;
		};
/* End PBXHeadersBuildPhase section */

/* Begin PBXNativeTarget section */
		644297BE1BE11C65002BC73B /* pEpTrustWords */ = {
			isa = PBXNativeTarget;
			buildConfigurationList = 644297C21BE11C65002BC73B /* Build configuration list for PBXNativeTarget "pEpTrustWords" */;
			buildPhases = (
				644297BB1BE11C65002BC73B /* Sources */,
				644297BC1BE11C65002BC73B /* Frameworks */,
				644297C61BE11D00002BC73B /* ShellScript */,
				644297BD1BE11C65002BC73B /* Resources */,
			);
			buildRules = (
			);
			dependencies = (
			);
			name = pEpTrustWords;
			productName = pEpTrustWords;
			productReference = 644297BF1BE11C65002BC73B /* pEpTrustWords.bundle */;
			productType = "com.apple.product-type.bundle";
		};
		64796A3E1B455AA5004B1C24 /* pEpEngine */ = {
			isa = PBXNativeTarget;
			buildConfigurationList = 64796A531B455AA5004B1C24 /* Build configuration list for PBXNativeTarget "pEpEngine" */;
			buildPhases = (
				64BDD59B1B7A2E1B00AC43AE /* Run Script */,
				64796A3B1B455AA5004B1C24 /* Sources */,
				64796A3C1B455AA5004B1C24 /* Frameworks */,
				64796A3D1B455AA5004B1C24 /* CopyFiles */,
				64A8268B1B455D8D00EECAF0 /* Headers */,
			);
			buildRules = (
			);
			dependencies = (
				645922541B8BD53F00A5AF93 /* PBXTargetDependency */,
				64289E3F1B8B638800FC617B /* PBXTargetDependency */,
			);
			name = pEpEngine;
			productName = pEpEngine;
			productReference = 64796A3F1B455AA5004B1C24 /* libpEpEngine.a */;
			productType = "com.apple.product-type.library.static";
		};
/* End PBXNativeTarget section */

/* Begin PBXProject section */
		64796A371B455AA5004B1C24 /* Project object */ = {
			isa = PBXProject;
			attributes = {
				LastUpgradeCheck = 0920;
				ORGANIZATIONNAME = "Edouard Tisserant";
				TargetAttributes = {
					644297BE1BE11C65002BC73B = {
						CreatedOnToolsVersion = 7.1;
					};
					64796A3E1B455AA5004B1C24 = {
						CreatedOnToolsVersion = 6.3.2;
					};
				};
			};
			buildConfigurationList = 64796A3A1B455AA5004B1C24 /* Build configuration list for PBXProject "pEpEngine" */;
			compatibilityVersion = "Xcode 3.2";
			developmentRegion = English;
			hasScannedForEncodings = 0;
			knownRegions = (
				en,
			);
			mainGroup = 64796A361B455AA5004B1C24;
			productRefGroup = 64796A401B455AA5004B1C24 /* Products */;
			projectDirPath = "";
			projectReferences = (
				{
					ProductGroup = 64289E2B1B8B630200FC617B /* Products */;
					ProjectRef = 64DA24121B832EBA000BEE80 /* libetpan.xcodeproj */;
				},
				{
					ProductGroup = 6459224E1B8BD32B00A5AF93 /* Products */;
					ProjectRef = 64DA240C1B832EA0000BEE80 /* netpgp.xcodeproj */;
				},
			);
			projectRoot = "";
			targets = (
				64796A3E1B455AA5004B1C24 /* pEpEngine */,
				644297BE1BE11C65002BC73B /* pEpTrustWords */,
			);
		};
/* End PBXProject section */

/* Begin PBXReferenceProxy section */
		64289E331B8B630200FC617B /* libetpan.framework */ = {
			isa = PBXReferenceProxy;
			fileType = wrapper.framework;
			path = libetpan.framework;
			remoteRef = 64289E321B8B630200FC617B /* PBXContainerItemProxy */;
			sourceTree = BUILT_PRODUCTS_DIR;
		};
		64289E351B8B630200FC617B /* libetpan.a */ = {
			isa = PBXReferenceProxy;
			fileType = archive.ar;
			path = libetpan.a;
			remoteRef = 64289E341B8B630200FC617B /* PBXContainerItemProxy */;
			sourceTree = BUILT_PRODUCTS_DIR;
		};
		64289E371B8B630200FC617B /* libetpan-ios.a */ = {
			isa = PBXReferenceProxy;
			fileType = archive.ar;
			path = "libetpan-ios.a";
			remoteRef = 64289E361B8B630200FC617B /* PBXContainerItemProxy */;
			sourceTree = BUILT_PRODUCTS_DIR;
		};
		645922521B8BD32B00A5AF93 /* libnetpgp.a */ = {
			isa = PBXReferenceProxy;
			fileType = archive.ar;
			path = libnetpgp.a;
			remoteRef = 645922511B8BD32B00A5AF93 /* PBXContainerItemProxy */;
			sourceTree = BUILT_PRODUCTS_DIR;
		};
/* End PBXReferenceProxy section */

/* Begin PBXResourcesBuildPhase section */
		644297BD1BE11C65002BC73B /* Resources */ = {
			isa = PBXResourcesBuildPhase;
			buildActionMask = 2147483647;
			files = (
				644297C51BE11CE0002BC73B /* system.db in Resources */,
			);
			runOnlyForDeploymentPostprocessing = 0;
		};
/* End PBXResourcesBuildPhase section */

/* Begin PBXShellScriptBuildPhase section */
		644297C61BE11D00002BC73B /* ShellScript */ = {
			isa = PBXShellScriptBuildPhase;
			buildActionMask = 2147483647;
			files = (
			);
			inputPaths = (
			);
			outputPaths = (
			);
			runOnlyForDeploymentPostprocessing = 0;
			shellPath = /bin/sh;
			shellScript = "make -C \"$SRCROOT/../db\" system.db\n";
		};
		64BDD59B1B7A2E1B00AC43AE /* Run Script */ = {
			isa = PBXShellScriptBuildPhase;
			buildActionMask = 2147483647;
			files = (
			);
			inputPaths = (
			);
			name = "Run Script";
			outputPaths = (
			);
			runOnlyForDeploymentPostprocessing = 0;
			shellPath = /bin/sh;
			shellScript = "mkdir -p \"$BUILT_PRODUCTS_DIR/include\"\n\ncp \"$SRCROOT/../src/\"{\\\npEpEngine.h,\\\ncryptotech.h,\\\nkeymanagement.h,\\\nmessage_api.h,\\\ndynamic_api.h,\\\nstringlist.h,\\\ntimestamp.h,\\\nidentity_list.h,\\\nbloblist.h,\\\nstringpair.h,\\\nmessage.h,\\\nmime.h,\\\nsync_fsm.h,\\\nsync.h,\\\nsync_app.h} \"$BUILT_PRODUCTS_DIR/include\"\n\nbash -l -c \"make -C ../asn.1 generate\"\nbash -l -c \"make -C ../asn.1\"\nbash -l -c \"LC_ALL=en_US.UTF-8 YML_PATH=$HOME/yml2 make -C ../sync\"\n";
		};
/* End PBXShellScriptBuildPhase section */

/* Begin PBXSourcesBuildPhase section */
		644297BB1BE11C65002BC73B /* Sources */ = {
			isa = PBXSourcesBuildPhase;
			buildActionMask = 2147483647;
			files = (
			);
			runOnlyForDeploymentPostprocessing = 0;
		};
		64796A3B1B455AA5004B1C24 /* Sources */ = {
			isa = PBXSourcesBuildPhase;
			buildActionMask = 2147483647;
			files = (
				64A826871B455D0800EECAF0 /* stringpair.c in Sources */,
				43E9BC6A1DB51A1E00AD2352 /* GroupUpdate.c in Sources */,
				646C41341D510CD800C63EFF /* UTF8String.c in Sources */,
				64A826831B455D0800EECAF0 /* platform_unix.c in Sources */,
				646C40F81D510CD800C63EFF /* ber_tlv_length.c in Sources */,
				646C411C1D510CD800C63EFF /* IdentityList.c in Sources */,
				646C41301D510CD800C63EFF /* PrintableString.c in Sources */,
				64A8267B1B455D0800EECAF0 /* etpan_mime.c in Sources */,
				64A8267A1B455D0800EECAF0 /* email.c in Sources */,
				646C41261D510CD800C63EFF /* OCTET_STRING.c in Sources */,
				646C41141D510CD800C63EFF /* Hash.c in Sources */,
				646C410E1D510CD800C63EFF /* DeviceGroup-Protocol.c in Sources */,
				64A826861B455D0800EECAF0 /* stringlist.c in Sources */,
				4354FF651D6EDF300033069C /* sync_impl.c in Sources */,
				64A8267E1B455D0800EECAF0 /* message_api.c in Sources */,
				43E9BC7F1DB6720E00AD2352 /* UpdateRequest.c in Sources */,
				646C41361D510CD800C63EFF /* Version.c in Sources */,
				646C41081D510CD800C63EFF /* constr_TYPE.c in Sources */,
				646C40FE1D510CD800C63EFF /* BOOLEAN.c in Sources */,
				646C41001D510CD800C63EFF /* constr_CHOICE.c in Sources */,
				646C41121D510CD800C63EFF /* HandshakeRequest.c in Sources */,
				646C41471D510D2C00C63EFF /* sync_fsm.c in Sources */,
				64A826821B455D0800EECAF0 /* pgp_netpgp.c in Sources */,
				646C41101D510CD800C63EFF /* GroupKeys.c in Sources */,
				646C40EF1D510CD800C63EFF /* asn_SEQUENCE_OF.c in Sources */,
				64A826891B455D0800EECAF0 /* trans_auto.c in Sources */,
				646C410C1D510CD800C63EFF /* der_encoder.c in Sources */,
				646C41381D510CD800C63EFF /* xer_decoder.c in Sources */,
				646C41181D510CD800C63EFF /* Hex.c in Sources */,
				64A8267D1B455D0800EECAF0 /* keymanagement.c in Sources */,
				646C40EB1D510CD800C63EFF /* asn_codecs_prim.c in Sources */,
				646C41451D510D2C00C63EFF /* sync_actions.c in Sources */,
				646C40F61D510CD800C63EFF /* ber_decoder.c in Sources */,
				646C40F11D510CD800C63EFF /* asn_SET_OF.c in Sources */,
				4354FF691D6EE1A70033069C /* NULL.c in Sources */,
				646C413A1D510CD800C63EFF /* xer_encoder.c in Sources */,
				646C41021D510CD800C63EFF /* constr_SEQUENCE_OF.c in Sources */,
				646C410A1D510CD800C63EFF /* constraints.c in Sources */,
				646C41461D510D2C00C63EFF /* sync_driver.c in Sources */,
				64A8267C1B455D0800EECAF0 /* identity_list.c in Sources */,
				646C40FC1D510CD800C63EFF /* BIT_STRING.c in Sources */,
				646C40F41D510CD800C63EFF /* Beacon.c in Sources */,
				646C411E1D510CD800C63EFF /* INTEGER.c in Sources */,
				646C413C1D510CD800C63EFF /* xer_support.c in Sources */,
				64A8268A1B455D0800EECAF0 /* transport.c in Sources */,
				646C41491D510D2C00C63EFF /* sync_send_actions.c in Sources */,
				646C41201D510CD800C63EFF /* ISO639-1.c in Sources */,
				646C414A1D510D2C00C63EFF /* sync.c in Sources */,
				64A826791B455D0800EECAF0 /* cryptotech.c in Sources */,
				43BA0F461D7964750059172F /* asn1_helper.c in Sources */,
				646C412A1D510CD800C63EFF /* per_encoder.c in Sources */,
				646C412E1D510CD800C63EFF /* per_support.c in Sources */,
				64A826781B455D0800EECAF0 /* bloblist.c in Sources */,
				430BCC492015EE800077E998 /* pEp_string.c in Sources */,
				646C41041D510CD800C63EFF /* constr_SEQUENCE.c in Sources */,
				43370833203C075A004E6547 /* sqlite3.c in Sources */,
				64A826881B455D0800EECAF0 /* timestamp.c in Sources */,
				646C41221D510CD800C63EFF /* NativeEnumerated.c in Sources */,
				43F6921D1F164A47009418F5 /* resource_id.c in Sources */,
				430D258B1C9ED75A00B94535 /* blacklist.c in Sources */,
				646C414E1D510D8800C63EFF /* baseprotocol.c in Sources */,
				6467888C1CEB3D120001F54C /* map_asn1.c in Sources */,
				646C40FA1D510CD800C63EFF /* ber_tlv_tag.c in Sources */,
				646C41241D510CD800C63EFF /* NativeInteger.c in Sources */,
				646C41061D510CD800C63EFF /* constr_SET_OF.c in Sources */,
				646C412C1D510CD800C63EFF /* per_opentype.c in Sources */,
				646C41281D510CD800C63EFF /* per_decoder.c in Sources */,
				64A826801B455D0800EECAF0 /* mime.c in Sources */,
				64A8267F1B455D0800EECAF0 /* message.c in Sources */,
				646C411A1D510CD800C63EFF /* Identity.c in Sources */,
				64A826811B455D0800EECAF0 /* pEpEngine.c in Sources */,
				646C41321D510CD800C63EFF /* Sync-Protocols.c in Sources */,
			);
			runOnlyForDeploymentPostprocessing = 0;
		};
/* End PBXSourcesBuildPhase section */

/* Begin PBXTargetDependency section */
		64289E3F1B8B638800FC617B /* PBXTargetDependency */ = {
			isa = PBXTargetDependency;
			name = "libetpan ios";
			targetProxy = 64289E3E1B8B638800FC617B /* PBXContainerItemProxy */;
		};
		645922541B8BD53F00A5AF93 /* PBXTargetDependency */ = {
			isa = PBXTargetDependency;
			name = netpgp;
			targetProxy = 645922531B8BD53F00A5AF93 /* PBXContainerItemProxy */;
		};
/* End PBXTargetDependency section */

/* Begin XCBuildConfiguration section */
		644297C31BE11C65002BC73B /* Debug */ = {
			isa = XCBuildConfiguration;
			buildSettings = {
				INFOPLIST_FILE = pEpTrustWords/Info.plist;
				PRODUCT_BUNDLE_IDENTIFIER = com.pep.pEpTrustWords;
				PRODUCT_NAME = "$(TARGET_NAME)";
				WRAPPER_EXTENSION = bundle;
			};
			name = Debug;
		};
		644297C41BE11C65002BC73B /* Release */ = {
			isa = XCBuildConfiguration;
			buildSettings = {
				INFOPLIST_FILE = pEpTrustWords/Info.plist;
				PRODUCT_BUNDLE_IDENTIFIER = com.pep.pEpTrustWords;
				PRODUCT_NAME = "$(TARGET_NAME)";
				WRAPPER_EXTENSION = bundle;
			};
			name = Release;
		};
		64796A511B455AA5004B1C24 /* Debug */ = {
			isa = XCBuildConfiguration;
			buildSettings = {
				ALWAYS_SEARCH_USER_PATHS = NO;
				CLANG_CXX_LANGUAGE_STANDARD = "gnu++0x";
				CLANG_CXX_LIBRARY = "libc++";
				CLANG_ENABLE_MODULES = YES;
				CLANG_ENABLE_OBJC_ARC = YES;
				CLANG_WARN_BLOCK_CAPTURE_AUTORELEASING = YES;
				CLANG_WARN_BOOL_CONVERSION = YES;
				CLANG_WARN_COMMA = YES;
				CLANG_WARN_CONSTANT_CONVERSION = YES;
				CLANG_WARN_DIRECT_OBJC_ISA_USAGE = YES_ERROR;
				CLANG_WARN_EMPTY_BODY = YES;
				CLANG_WARN_ENUM_CONVERSION = YES;
				CLANG_WARN_INFINITE_RECURSION = YES;
				CLANG_WARN_INT_CONVERSION = YES;
				CLANG_WARN_NON_LITERAL_NULL_CONVERSION = YES;
				CLANG_WARN_OBJC_LITERAL_CONVERSION = YES;
				CLANG_WARN_OBJC_ROOT_CLASS = YES_ERROR;
				CLANG_WARN_RANGE_LOOP_ANALYSIS = YES;
				CLANG_WARN_STRICT_PROTOTYPES = YES;
				CLANG_WARN_SUSPICIOUS_MOVE = YES;
				CLANG_WARN_UNREACHABLE_CODE = YES;
				CLANG_WARN__DUPLICATE_METHOD_MATCH = YES;
				COPY_PHASE_STRIP = NO;
				DEBUG_INFORMATION_FORMAT = "dwarf-with-dsym";
				ENABLE_STRICT_OBJC_MSGSEND = YES;
				ENABLE_TESTABILITY = YES;
				GCC_C_LANGUAGE_STANDARD = gnu99;
				GCC_DYNAMIC_NO_PIC = NO;
				GCC_NO_COMMON_BLOCKS = YES;
				GCC_OPTIMIZATION_LEVEL = 0;
				GCC_PREPROCESSOR_DEFINITIONS = (
					"DEBUG=1",
					"USE_NETPGP=1",
				);
				GCC_SYMBOLS_PRIVATE_EXTERN = NO;
				GCC_WARN_64_TO_32_BIT_CONVERSION = YES;
				GCC_WARN_ABOUT_RETURN_TYPE = YES_ERROR;
				GCC_WARN_UNDECLARED_SELECTOR = YES;
				GCC_WARN_UNINITIALIZED_AUTOS = YES_AGGRESSIVE;
				GCC_WARN_UNUSED_FUNCTION = YES;
				GCC_WARN_UNUSED_VARIABLE = YES;
				HEADER_SEARCH_PATHS = (
					"$(inherited)",
					"$(SRCROOT)",
					"$(SRCROOT)/../../netpgp-et/include/",
					"$(SRCROOT)/../../netpgp-et/src/",
					"$(SRCROOT)/../../OpenSSL-for-iPhone/include",
					"$(SRCROOT)/../asn.1/",
				);
				IPHONEOS_DEPLOYMENT_TARGET = 9.0;
				MTL_ENABLE_DEBUG_INFO = YES;
				ONLY_ACTIVE_ARCH = YES;
				OTHER_CFLAGS = "-DSQLITE3_FROM_OS";
				SDKROOT = iphoneos;
				VALID_ARCHS = "arm64 armv7s armv7";
			};
			name = Debug;
		};
		64796A521B455AA5004B1C24 /* Release */ = {
			isa = XCBuildConfiguration;
			buildSettings = {
				ALWAYS_SEARCH_USER_PATHS = NO;
				CLANG_CXX_LANGUAGE_STANDARD = "gnu++0x";
				CLANG_CXX_LIBRARY = "libc++";
				CLANG_ENABLE_MODULES = YES;
				CLANG_ENABLE_OBJC_ARC = YES;
				CLANG_WARN_BLOCK_CAPTURE_AUTORELEASING = YES;
				CLANG_WARN_BOOL_CONVERSION = YES;
				CLANG_WARN_COMMA = YES;
				CLANG_WARN_CONSTANT_CONVERSION = YES;
				CLANG_WARN_DIRECT_OBJC_ISA_USAGE = YES_ERROR;
				CLANG_WARN_EMPTY_BODY = YES;
				CLANG_WARN_ENUM_CONVERSION = YES;
				CLANG_WARN_INFINITE_RECURSION = YES;
				CLANG_WARN_INT_CONVERSION = YES;
				CLANG_WARN_NON_LITERAL_NULL_CONVERSION = YES;
				CLANG_WARN_OBJC_LITERAL_CONVERSION = YES;
				CLANG_WARN_OBJC_ROOT_CLASS = YES_ERROR;
				CLANG_WARN_RANGE_LOOP_ANALYSIS = YES;
				CLANG_WARN_STRICT_PROTOTYPES = YES;
				CLANG_WARN_SUSPICIOUS_MOVE = YES;
				CLANG_WARN_UNREACHABLE_CODE = YES;
				CLANG_WARN__DUPLICATE_METHOD_MATCH = YES;
				COPY_PHASE_STRIP = NO;
				DEBUG_INFORMATION_FORMAT = "dwarf-with-dsym";
				ENABLE_NS_ASSERTIONS = NO;
				ENABLE_STRICT_OBJC_MSGSEND = YES;
				GCC_C_LANGUAGE_STANDARD = gnu99;
				GCC_NO_COMMON_BLOCKS = YES;
				GCC_PREPROCESSOR_DEFINITIONS = "USE_NETPGP=1";
				GCC_WARN_64_TO_32_BIT_CONVERSION = YES;
				GCC_WARN_ABOUT_RETURN_TYPE = YES_ERROR;
				GCC_WARN_UNDECLARED_SELECTOR = YES;
				GCC_WARN_UNINITIALIZED_AUTOS = YES_AGGRESSIVE;
				GCC_WARN_UNUSED_FUNCTION = YES;
				GCC_WARN_UNUSED_VARIABLE = YES;
				HEADER_SEARCH_PATHS = (
					"$(inherited)",
					"$(SRCROOT)",
					"$(SRCROOT)/../../netpgp-et/include/",
					"$(SRCROOT)/../../netpgp-et/src/",
					"$(SRCROOT)/../../OpenSSL-for-iPhone/include",
					"$(SRCROOT)/../asn.1/",
				);
				IPHONEOS_DEPLOYMENT_TARGET = 9.0;
				MTL_ENABLE_DEBUG_INFO = NO;
				ONLY_ACTIVE_ARCH = NO;
				OTHER_CFLAGS = "-DSQLITE3_FROM_OS";
				SDKROOT = iphoneos;
				VALIDATE_PRODUCT = YES;
				VALID_ARCHS = "arm64 armv7s armv7";
			};
			name = Release;
		};
		64796A541B455AA5004B1C24 /* Debug */ = {
			isa = XCBuildConfiguration;
			buildSettings = {
				IPHONEOS_DEPLOYMENT_TARGET = 8.0;
				LIBRARY_SEARCH_PATHS = (
					"$(inherited)",
					"$(PROJECT_DIR)",
				);
				New_Setting = "";
				ONLY_ACTIVE_ARCH = NO;
				OTHER_LDFLAGS = "-ObjC";
				PRODUCT_NAME = "$(TARGET_NAME)";
				SKIP_INSTALL = YES;
			};
			name = Debug;
		};
		64796A551B455AA5004B1C24 /* Release */ = {
			isa = XCBuildConfiguration;
			buildSettings = {
				IPHONEOS_DEPLOYMENT_TARGET = 8.0;
				LIBRARY_SEARCH_PATHS = (
					"$(inherited)",
					"$(PROJECT_DIR)",
				);
				New_Setting = "";
				OTHER_LDFLAGS = "-ObjC";
				PRODUCT_NAME = "$(TARGET_NAME)";
				SKIP_INSTALL = YES;
			};
			name = Release;
		};
/* End XCBuildConfiguration section */

/* Begin XCConfigurationList section */
		644297C21BE11C65002BC73B /* Build configuration list for PBXNativeTarget "pEpTrustWords" */ = {
			isa = XCConfigurationList;
			buildConfigurations = (
				644297C31BE11C65002BC73B /* Debug */,
				644297C41BE11C65002BC73B /* Release */,
			);
			defaultConfigurationIsVisible = 0;
			defaultConfigurationName = Release;
		};
		64796A3A1B455AA5004B1C24 /* Build configuration list for PBXProject "pEpEngine" */ = {
			isa = XCConfigurationList;
			buildConfigurations = (
				64796A511B455AA5004B1C24 /* Debug */,
				64796A521B455AA5004B1C24 /* Release */,
			);
			defaultConfigurationIsVisible = 0;
			defaultConfigurationName = Release;
		};
		64796A531B455AA5004B1C24 /* Build configuration list for PBXNativeTarget "pEpEngine" */ = {
			isa = XCConfigurationList;
			buildConfigurations = (
				64796A541B455AA5004B1C24 /* Debug */,
				64796A551B455AA5004B1C24 /* Release */,
			);
			defaultConfigurationIsVisible = 0;
			defaultConfigurationName = Release;
		};
/* End XCConfigurationList section */
	};
	rootObject = 64796A371B455AA5004B1C24 /* Project object */;
}
