<?xml version="1.0" encoding="utf-8"?>
<Project ToolsVersion="4.0" xmlns="http://schemas.microsoft.com/developer/msbuild/2003">
  <ItemGroup>
    <Filter Include="Quelldateien">
      <UniqueIdentifier>{4FC737F1-C7A5-4376-A066-2A32D752A2FF}</UniqueIdentifier>
      <Extensions>cpp;c;cc;cxx;def;odl;idl;hpj;bat;asm;asmx</Extensions>
    </Filter>
    <Filter Include="Headerdateien">
      <UniqueIdentifier>{93995380-89BD-4b04-88EB-625FBE52EBFB}</UniqueIdentifier>
      <Extensions>h;hh;hpp;hxx;hm;inl;inc;xsd</Extensions>
    </Filter>
    <Filter Include="Ressourcendateien">
      <UniqueIdentifier>{67DA6AB6-F800-4c08-8B7A-83BB121AAD01}</UniqueIdentifier>
      <Extensions>rc;ico;cur;bmp;dlg;rc2;rct;bin;rgs;gif;jpg;jpeg;jpe;resx;tiff;tif;png;wav;mfcribbon-ms</Extensions>
    </Filter>
  </ItemGroup>
  <ItemGroup>
    <ClCompile Include="..\src\keymanagement.c">
      <Filter>Quelldateien</Filter>
    </ClCompile>
    <ClCompile Include="..\src\pEpEngine.c">
      <Filter>Quelldateien</Filter>
    </ClCompile>
    <ClCompile Include="..\src\platform_windows.cpp">
      <Filter>Quelldateien</Filter>
    </ClCompile>
    <ClCompile Include="..\src\sqlite3.c">
      <Filter>Quelldateien</Filter>
    </ClCompile>
    <ClCompile Include="..\src\transport.c">
      <Filter>Quelldateien</Filter>
    </ClCompile>
    <ClCompile Include="..\src\cryptotech.c">
      <Filter>Quelldateien</Filter>
    </ClCompile>
    <ClCompile Include="..\src\email.c">
      <Filter>Quelldateien</Filter>
    </ClCompile>
    <ClCompile Include="..\src\trans_auto.c">
      <Filter>Quelldateien</Filter>
    </ClCompile>
    <ClCompile Include="..\src\stringlist.c">
      <Filter>Quelldateien</Filter>
    </ClCompile>
    <ClCompile Include="..\src\stringpair.c">
      <Filter>Quelldateien</Filter>
    </ClCompile>
    <ClCompile Include="..\src\timestamp.c">
      <Filter>Quelldateien</Filter>
    </ClCompile>
    <ClCompile Include="..\src\bloblist.c">
      <Filter>Quelldateien</Filter>
    </ClCompile>
    <ClCompile Include="..\src\identity_list.c">
      <Filter>Quelldateien</Filter>
    </ClCompile>
    <ClCompile Include="..\src\message.c">
      <Filter>Quelldateien</Filter>
    </ClCompile>
    <ClCompile Include="..\src\message_api.c">
      <Filter>Quelldateien</Filter>
    </ClCompile>
    <ClCompile Include="..\src\mime.c">
      <Filter>Quelldateien</Filter>
    </ClCompile>
    <ClCompile Include="..\src\map_asn1.c">
      <Filter>Quelldateien</Filter>
    </ClCompile>
    <ClCompile Include="..\src\baseprotocol.c">
      <Filter>Quelldateien</Filter>
    </ClCompile>
    <ClCompile Include="..\src\openpgp_compat.c">
      <Filter>Quelldateien</Filter>
    </ClCompile>
    <ClCompile Include="..\src\resource_id.c">
      <Filter>Quelldateien</Filter>
    </ClCompile>
    <ClCompile Include="..\src\pEp_string.c">
      <Filter>Quelldateien</Filter>
    </ClCompile>
    <ClCompile Include="..\src\labeled_int_list.c">
      <Filter>Quelldateien</Filter>
    </ClCompile>
    <ClCompile Include="..\src\key_reset.c">
      <Filter>Quelldateien</Filter>
    </ClCompile>
    <ClCompile Include="..\src\KeySync_fsm.c">
      <Filter>Quelldateien</Filter>
    </ClCompile>
    <ClCompile Include="..\src\Sync_actions.c">
      <Filter>Quelldateien</Filter>
    </ClCompile>
    <ClCompile Include="..\src\sync_api.c">
      <Filter>Quelldateien</Filter>
    </ClCompile>
    <ClCompile Include="..\src\sync_codec.c">
      <Filter>Quelldateien</Filter>
    </ClCompile>
    <ClCompile Include="..\src\Sync_event.c">
      <Filter>Quelldateien</Filter>
    </ClCompile>
    <ClCompile Include="..\src\Sync_func.c">
      <Filter>Quelldateien</Filter>
    </ClCompile>
    <ClCompile Include="..\src\Sync_impl.c">
      <Filter>Quelldateien</Filter>
    </ClCompile>
    <ClCompile Include="..\src\growing_buf.c">
      <Filter>Quelldateien</Filter>
    </ClCompile>
    <ClCompile Include="..\src\base64.c">
      <Filter>Quelldateien</Filter>
    </ClCompile>
    <ClCompile Include="..\src\pgp_sequoia.c">
      <Filter>Quelldateien</Filter>
    </ClCompile>
    <ClCompile Include="..\src\etpan_mime.c">
      <Filter>Quelldateien</Filter>
    </ClCompile>
    <ClCompile Include="..\src\keyreset_command.c">
      <Filter>Quelldateien</Filter>
    </ClCompile>
    <ClCompile Include="..\src\distribution_codec.c">
      <Filter>Quelldateien</Filter>
    </ClCompile>
    <ClCompile Include="..\src\internal_format.c">
      <Filter>Quelldateien</Filter>
    </ClCompile>
    <ClCompile Include="..\src\aux_mime_msg.c">
      <Filter>Quelldateien</Filter>
    </ClCompile>
    <ClCompile Include="..\src\security_checks.c">
      <Filter>Quelldateien</Filter>
    </ClCompile>
    <ClCompile Include="..\src\engine_sql.c">
      <Filter>Quelldateien</Filter>
    </ClCompile>
    <ClCompile Include="..\src\group.c">
      <Filter>Quelldateien</Filter>
    </ClCompile>
    <ClCompile Include="..\src\TrustSync_fsm.c">
      <Filter>Quelldateien</Filter>
    </ClCompile>
    <ClCompile Include="..\src\GroupSync_fsm.c">
      <Filter>Quelldateien</Filter>
    </ClCompile>
  </ItemGroup>
  <ItemGroup>
    <ClInclude Include="..\src\keymanagement.h">
      <Filter>Headerdateien</Filter>
    </ClInclude>
    <ClInclude Include="..\src\pEpEngine.h">
      <Filter>Headerdateien</Filter>
    </ClInclude>
    <ClInclude Include="..\src\platform_windows.h">
      <Filter>Headerdateien</Filter>
    </ClInclude>
    <ClInclude Include="..\src\sqlite3.h">
      <Filter>Headerdateien</Filter>
    </ClInclude>
    <ClInclude Include="..\src\transport.h">
      <Filter>Headerdateien</Filter>
    </ClInclude>
    <ClInclude Include="..\src\cryptotech.h">
      <Filter>Headerdateien</Filter>
    </ClInclude>
    <ClInclude Include="..\src\pEp_internal.h">
      <Filter>Headerdateien</Filter>
    </ClInclude>
    <ClInclude Include="..\src\resource.h">
      <Filter>Ressourcendateien</Filter>
    </ClInclude>
    <ClInclude Include="..\src\email.h">
      <Filter>Headerdateien</Filter>
    </ClInclude>
    <ClInclude Include="..\src\stringlist.h">
      <Filter>Headerdateien</Filter>
    </ClInclude>
    <ClInclude Include="..\src\stringpair.h">
      <Filter>Headerdateien</Filter>
    </ClInclude>
    <ClInclude Include="..\src\timestamp.h">
      <Filter>Headerdateien</Filter>
    </ClInclude>
    <ClInclude Include="..\src\trans_auto.h">
      <Filter>Headerdateien</Filter>
    </ClInclude>
    <ClInclude Include="..\src\wrappers.h">
      <Filter>Headerdateien</Filter>
    </ClInclude>
    <ClInclude Include="..\src\bloblist.h">
      <Filter>Headerdateien</Filter>
    </ClInclude>
    <ClInclude Include="..\src\dynamic_api.h">
      <Filter>Headerdateien</Filter>
    </ClInclude>
    <ClInclude Include="..\src\identity_list.h">
      <Filter>Headerdateien</Filter>
    </ClInclude>
    <ClInclude Include="..\src\message.h">
      <Filter>Headerdateien</Filter>
    </ClInclude>
    <ClInclude Include="..\src\message_api.h">
      <Filter>Headerdateien</Filter>
    </ClInclude>
    <ClInclude Include="..\src\mime.h">
      <Filter>Headerdateien</Filter>
    </ClInclude>
    <ClInclude Include="..\src\platform.h">
      <Filter>Headerdateien</Filter>
    </ClInclude>
    <ClInclude Include="..\src\map_asn1.h">
      <Filter>Headerdateien</Filter>
    </ClInclude>
    <ClInclude Include="..\src\baseprotocol.h">
      <Filter>Headerdateien</Filter>
    </ClInclude>
    <ClInclude Include="..\src\openpgp_compat.h">
      <Filter>Headerdateien</Filter>
    </ClInclude>
    <ClInclude Include="..\src\asn1_helper.h">
      <Filter>Headerdateien</Filter>
    </ClInclude>
    <ClInclude Include="..\src\resource_id.h">
      <Filter>Headerdateien</Filter>
    </ClInclude>
    <ClInclude Include="..\src\pEp_string.h">
      <Filter>Headerdateien</Filter>
    </ClInclude>
    <ClInclude Include="..\src\labeled_int_list.h">
      <Filter>Headerdateien</Filter>
    </ClInclude>
    <ClInclude Include="..\src\base64.h">
      <Filter>Headerdateien</Filter>
    </ClInclude>
    <ClInclude Include="..\src\key_reset.h">
      <Filter>Headerdateien</Filter>
    </ClInclude>
    <ClInclude Include="..\src\growing_buf.h">
      <Filter>Headerdateien</Filter>
    </ClInclude>
    <ClInclude Include="..\src\sync_api.h">
      <Filter>Quelldateien</Filter>
    </ClInclude>
    <ClInclude Include="..\src\sync_codec.h">
      <Filter>Quelldateien</Filter>
    </ClInclude>
    <ClInclude Include="..\src\Sync_event.h">
      <Filter>Quelldateien</Filter>
    </ClInclude>
    <ClInclude Include="..\src\KeySync_fsm.h">
      <Filter>Quelldateien</Filter>
    </ClInclude>
    <ClInclude Include="..\src\fsm_common.h">
      <Filter>Headerdateien</Filter>
    </ClInclude>
    <ClInclude Include="..\src\pgp_sequoia.h">
      <Filter>Headerdateien</Filter>
    </ClInclude>
    <ClInclude Include="..\src\pgp_sequoia_internal.h">
      <Filter>Headerdateien</Filter>
    </ClInclude>
    <ClInclude Include="..\src\Sync_func.h">
      <Filter>Headerdateien</Filter>
    </ClInclude>
    <ClInclude Include="..\src\Sync_impl.h">
      <Filter>Headerdateien</Filter>
    </ClInclude>
    <ClInclude Include="..\src\etpan_mime.h">
      <Filter>Headerdateien</Filter>
    </ClInclude>
    <ClInclude Include="..\src\KeySync_fsm.h">
      <Filter>Headerdateien</Filter>
    </ClInclude>
    <ClInclude Include="..\src\sync_api.h">
      <Filter>Headerdateien</Filter>
    </ClInclude>
    <ClInclude Include="..\src\Sync_event.h">
      <Filter>Headerdateien</Filter>
    </ClInclude>
    <ClInclude Include="..\src\sync_codec.h">
      <Filter>Headerdateien</Filter>
    </ClInclude>
    <ClInclude Include="..\src\internal_format.h">
      <Filter>Headerdateien</Filter>
    </ClInclude>
    <ClInclude Include="..\src\aux_mime_msg.h">
      <Filter>Headerdateien</Filter>
    </ClInclude>
    <ClInclude Include="..\src\distribution_codec.h">
      <Filter>Headerdateien</Filter>
    </ClInclude>
    <ClInclude Include="..\src\keyreset_command.h">
      <Filter>Headerdateien</Filter>
    </ClInclude>
    <ClInclude Include="..\src\security_checks.h">
      <Filter>Headerdateien</Filter>
    </ClInclude>
    <ClInclude Include="..\src\status_to_string.h">
      <Filter>Headerdateien</Filter>
    </ClInclude>
    <ClInclude Include="..\src\group.h">
      <Filter>Headerdateien</Filter>
    </ClInclude>
  </ItemGroup>
  <ItemGroup>
    <Text Include="..\LICENSE.txt" />
  </ItemGroup>
  <ItemGroup>
    <None Include="generate_code.cmd" />
  </ItemGroup>
</Project>