<?xml version="1.0" encoding="utf-8"?>
<Project ToolsVersion="4.0" xmlns="http://schemas.microsoft.com/developer/msbuild/2003">
  <ItemGroup>
    <Filter Include="Source Files">
      <UniqueIdentifier>{4FC737F1-C7A5-4376-A066-2A32D752A2FF}</UniqueIdentifier>
      <Extensions>cpp;c;cc;cxx;def;odl;idl;hpj;bat;asm;asmx</Extensions>
    </Filter>
    <Filter Include="Header Files">
      <UniqueIdentifier>{93995380-89BD-4b04-88EB-625FBE52EBFB}</UniqueIdentifier>
      <Extensions>h;hh;hpp;hxx;hm;inl;inc;xsd</Extensions>
    </Filter>
    <Filter Include="Resource Files">
      <UniqueIdentifier>{67DA6AB6-F800-4c08-8B7A-83BB121AAD01}</UniqueIdentifier>
      <Extensions>rc;ico;cur;bmp;dlg;rc2;rct;bin;rgs;gif;jpg;jpeg;jpe;resx;tiff;tif;png;wav;mfcribbon-ms</Extensions>
    </Filter>
  </ItemGroup>
  <ItemGroup>
    <Text Include="ReadMe.txt" />
  </ItemGroup>
  <ItemGroup>
    <ClInclude Include="..\..\asn.1\asn_application.h">
      <Filter>Header Files</Filter>
    </ClInclude>
    <ClInclude Include="..\..\asn.1\asn_codecs.h">
      <Filter>Header Files</Filter>
    </ClInclude>
    <ClInclude Include="..\..\asn.1\asn_codecs_prim.h">
      <Filter>Header Files</Filter>
    </ClInclude>
    <ClInclude Include="..\..\asn.1\asn_internal.h">
      <Filter>Header Files</Filter>
    </ClInclude>
    <ClInclude Include="..\..\asn.1\asn_SEQUENCE_OF.h">
      <Filter>Header Files</Filter>
    </ClInclude>
    <ClInclude Include="..\..\asn.1\asn_SET_OF.h">
      <Filter>Header Files</Filter>
    </ClInclude>
    <ClInclude Include="..\..\asn.1\asn_system.h">
      <Filter>Header Files</Filter>
    </ClInclude>
    <ClInclude Include="..\..\asn.1\Beacon.h">
      <Filter>Header Files</Filter>
    </ClInclude>
    <ClInclude Include="..\..\asn.1\ber_decoder.h">
      <Filter>Header Files</Filter>
    </ClInclude>
    <ClInclude Include="..\..\asn.1\ber_tlv_length.h">
      <Filter>Header Files</Filter>
    </ClInclude>
    <ClInclude Include="..\..\asn.1\ber_tlv_tag.h">
      <Filter>Header Files</Filter>
    </ClInclude>
    <ClInclude Include="..\..\asn.1\BIT_STRING.h">
      <Filter>Header Files</Filter>
    </ClInclude>
    <ClInclude Include="..\..\asn.1\BOOLEAN.h">
      <Filter>Header Files</Filter>
    </ClInclude>
    <ClInclude Include="..\..\asn.1\CommitAccept.h">
      <Filter>Header Files</Filter>
    </ClInclude>
    <ClInclude Include="..\..\asn.1\CommitReject.h">
      <Filter>Header Files</Filter>
    </ClInclude>
    <ClInclude Include="..\..\asn.1\constr_CHOICE.h">
      <Filter>Header Files</Filter>
    </ClInclude>
    <ClInclude Include="..\..\asn.1\constr_SEQUENCE.h">
      <Filter>Header Files</Filter>
    </ClInclude>
    <ClInclude Include="..\..\asn.1\constr_SEQUENCE_OF.h">
      <Filter>Header Files</Filter>
    </ClInclude>
    <ClInclude Include="..\..\asn.1\constr_SET_OF.h">
      <Filter>Header Files</Filter>
    </ClInclude>
    <ClInclude Include="..\..\asn.1\constr_TYPE.h">
      <Filter>Header Files</Filter>
    </ClInclude>
    <ClInclude Include="..\..\asn.1\constraints.h">
      <Filter>Header Files</Filter>
    </ClInclude>
    <ClInclude Include="..\..\asn.1\der_encoder.h">
      <Filter>Header Files</Filter>
    </ClInclude>
    <ClInclude Include="..\..\asn.1\GroupKeys.h">
      <Filter>Header Files</Filter>
    </ClInclude>
    <ClInclude Include="..\..\asn.1\GroupKeysAndClose.h">
      <Filter>Header Files</Filter>
    </ClInclude>
    <ClInclude Include="..\..\asn.1\HandshakeAnswer.h">
      <Filter>Header Files</Filter>
    </ClInclude>
    <ClInclude Include="..\..\asn.1\HandshakeRequest.h">
      <Filter>Header Files</Filter>
    </ClInclude>
    <ClInclude Include="..\..\asn.1\Hash.h">
      <Filter>Header Files</Filter>
    </ClInclude>
    <ClInclude Include="..\..\asn.1\Hex.h">
      <Filter>Header Files</Filter>
    </ClInclude>
    <ClInclude Include="..\..\asn.1\Identity.h">
      <Filter>Header Files</Filter>
    </ClInclude>
    <ClInclude Include="..\..\asn.1\IdentityList.h">
      <Filter>Header Files</Filter>
    </ClInclude>
    <ClInclude Include="..\..\asn.1\INTEGER.h">
      <Filter>Header Files</Filter>
    </ClInclude>
    <ClInclude Include="..\..\asn.1\ISO639-1.h">
      <Filter>Header Files</Filter>
    </ClInclude>
    <ClInclude Include="..\..\asn.1\KeySync.h">
      <Filter>Header Files</Filter>
    </ClInclude>
    <ClInclude Include="..\..\asn.1\NativeEnumerated.h">
      <Filter>Header Files</Filter>
    </ClInclude>
    <ClInclude Include="..\..\asn.1\NativeInteger.h">
      <Filter>Header Files</Filter>
    </ClInclude>
    <ClInclude Include="..\..\asn.1\OCTET_STRING.h">
      <Filter>Header Files</Filter>
    </ClInclude>
    <ClInclude Include="..\..\asn.1\per_decoder.h">
      <Filter>Header Files</Filter>
    </ClInclude>
    <ClInclude Include="..\..\asn.1\per_encoder.h">
      <Filter>Header Files</Filter>
    </ClInclude>
    <ClInclude Include="..\..\asn.1\per_opentype.h">
      <Filter>Header Files</Filter>
    </ClInclude>
    <ClInclude Include="..\..\asn.1\per_support.h">
      <Filter>Header Files</Filter>
    </ClInclude>
    <ClInclude Include="..\..\asn.1\PrintableString.h">
      <Filter>Header Files</Filter>
    </ClInclude>
    <ClInclude Include="..\..\asn.1\PString.h">
      <Filter>Header Files</Filter>
    </ClInclude>
    <ClInclude Include="..\..\asn.1\Rollback.h">
      <Filter>Header Files</Filter>
    </ClInclude>
    <ClInclude Include="..\..\asn.1\Sync.h">
      <Filter>Header Files</Filter>
    </ClInclude>
    <ClInclude Include="..\..\asn.1\TID.h">
      <Filter>Header Files</Filter>
    </ClInclude>
    <ClInclude Include="..\..\asn.1\UTF8String.h">
      <Filter>Header Files</Filter>
    </ClInclude>
    <ClInclude Include="..\..\asn.1\Version.h">
      <Filter>Header Files</Filter>
    </ClInclude>
    <ClInclude Include="..\..\asn.1\xer_decoder.h">
      <Filter>Header Files</Filter>
    </ClInclude>
    <ClInclude Include="..\..\asn.1\xer_encoder.h">
      <Filter>Header Files</Filter>
    </ClInclude>
    <ClInclude Include="..\..\asn.1\xer_support.h">
      <Filter>Header Files</Filter>
    </ClInclude>
  </ItemGroup>
  <ItemGroup>
    <ClCompile Include="..\..\asn.1\asn_codecs_prim.c">
      <Filter>Source Files</Filter>
    </ClCompile>
    <ClCompile Include="..\..\asn.1\asn_SEQUENCE_OF.c">
      <Filter>Source Files</Filter>
    </ClCompile>
    <ClCompile Include="..\..\asn.1\asn_SET_OF.c">
      <Filter>Source Files</Filter>
    </ClCompile>
    <ClCompile Include="..\..\asn.1\Beacon.c">
      <Filter>Source Files</Filter>
    </ClCompile>
    <ClCompile Include="..\..\asn.1\ber_decoder.c">
      <Filter>Source Files</Filter>
    </ClCompile>
    <ClCompile Include="..\..\asn.1\ber_tlv_length.c">
      <Filter>Source Files</Filter>
    </ClCompile>
    <ClCompile Include="..\..\asn.1\ber_tlv_tag.c">
      <Filter>Source Files</Filter>
    </ClCompile>
    <ClCompile Include="..\..\asn.1\BIT_STRING.c">
      <Filter>Source Files</Filter>
    </ClCompile>
    <ClCompile Include="..\..\asn.1\BOOLEAN.c">
      <Filter>Source Files</Filter>
    </ClCompile>
    <ClCompile Include="..\..\asn.1\CommitAccept.c">
      <Filter>Source Files</Filter>
    </ClCompile>
    <ClCompile Include="..\..\asn.1\CommitReject.c">
      <Filter>Source Files</Filter>
    </ClCompile>
    <ClCompile Include="..\..\asn.1\constr_CHOICE.c">
      <Filter>Source Files</Filter>
    </ClCompile>
    <ClCompile Include="..\..\asn.1\constr_SEQUENCE.c">
      <Filter>Source Files</Filter>
    </ClCompile>
    <ClCompile Include="..\..\asn.1\constr_SEQUENCE_OF.c">
      <Filter>Source Files</Filter>
    </ClCompile>
    <ClCompile Include="..\..\asn.1\constr_SET_OF.c">
      <Filter>Source Files</Filter>
    </ClCompile>
    <ClCompile Include="..\..\asn.1\constr_TYPE.c">
      <Filter>Source Files</Filter>
    </ClCompile>
    <ClCompile Include="..\..\asn.1\constraints.c">
      <Filter>Source Files</Filter>
    </ClCompile>
    <ClCompile Include="..\..\asn.1\der_encoder.c">
      <Filter>Source Files</Filter>
    </ClCompile>
    <ClCompile Include="..\..\asn.1\GroupKeys.c">
      <Filter>Source Files</Filter>
    </ClCompile>
    <ClCompile Include="..\..\asn.1\GroupKeysAndClose.c">
      <Filter>Source Files</Filter>
    </ClCompile>
    <ClCompile Include="..\..\asn.1\HandshakeAnswer.c">
      <Filter>Source Files</Filter>
    </ClCompile>
    <ClCompile Include="..\..\asn.1\HandshakeRequest.c">
      <Filter>Source Files</Filter>
    </ClCompile>
    <ClCompile Include="..\..\asn.1\Hash.c">
      <Filter>Source Files</Filter>
    </ClCompile>
    <ClCompile Include="..\..\asn.1\Hex.c">
      <Filter>Source Files</Filter>
    </ClCompile>
    <ClCompile Include="..\..\asn.1\Identity.c">
      <Filter>Source Files</Filter>
    </ClCompile>
    <ClCompile Include="..\..\asn.1\IdentityList.c">
      <Filter>Source Files</Filter>
    </ClCompile>
    <ClCompile Include="..\..\asn.1\INTEGER.c">
      <Filter>Source Files</Filter>
    </ClCompile>
    <ClCompile Include="..\..\asn.1\ISO639-1.c">
      <Filter>Source Files</Filter>
    </ClCompile>
    <ClCompile Include="..\..\asn.1\KeySync.c">
      <Filter>Source Files</Filter>
    </ClCompile>
    <ClCompile Include="..\..\asn.1\NativeEnumerated.c">
      <Filter>Source Files</Filter>
    </ClCompile>
    <ClCompile Include="..\..\asn.1\NativeInteger.c">
      <Filter>Source Files</Filter>
    </ClCompile>
    <ClCompile Include="..\..\asn.1\OCTET_STRING.c">
      <Filter>Source Files</Filter>
    </ClCompile>
    <ClCompile Include="..\..\asn.1\pdu_collection.c">
      <Filter>Source Files</Filter>
    </ClCompile>
    <ClCompile Include="..\..\asn.1\per_decoder.c">
      <Filter>Source Files</Filter>
    </ClCompile>
    <ClCompile Include="..\..\asn.1\per_encoder.c">
      <Filter>Source Files</Filter>
    </ClCompile>
    <ClCompile Include="..\..\asn.1\per_opentype.c">
      <Filter>Source Files</Filter>
    </ClCompile>
    <ClCompile Include="..\..\asn.1\per_support.c">
      <Filter>Source Files</Filter>
    </ClCompile>
    <ClCompile Include="..\..\asn.1\PrintableString.c">
      <Filter>Source Files</Filter>
    </ClCompile>
    <ClCompile Include="..\..\asn.1\PString.c">
      <Filter>Source Files</Filter>
    </ClCompile>
    <ClCompile Include="..\..\asn.1\Rollback.c">
      <Filter>Source Files</Filter>
    </ClCompile>
    <ClCompile Include="..\..\asn.1\Sync.c">
      <Filter>Source Files</Filter>
    </ClCompile>
    <ClCompile Include="..\..\asn.1\TID.c">
      <Filter>Source Files</Filter>
    </ClCompile>
    <ClCompile Include="..\..\asn.1\UTF8String.c">
      <Filter>Source Files</Filter>
    </ClCompile>
    <ClCompile Include="..\..\asn.1\Version.c">
      <Filter>Source Files</Filter>
    </ClCompile>
    <ClCompile Include="..\..\asn.1\xer_decoder.c">
      <Filter>Source Files</Filter>
    </ClCompile>
    <ClCompile Include="..\..\asn.1\xer_encoder.c">
      <Filter>Source Files</Filter>
    </ClCompile>
    <ClCompile Include="..\..\asn.1\xer_support.c">
      <Filter>Source Files</Filter>
    </ClCompile>
  </ItemGroup>
</Project>